// !$*UTF8*$!
{
	archiveVersion = 1;
	classes = {
	};
	objectVersion = 54;
	objects = {

/* Begin PBXBuildFile section */
		6B04671124D1FE83009892AF /* SelectedYearState.swift in Sources */ = {isa = PBXBuildFile; fileRef = 6B04671024D1FE83009892AF /* SelectedYearState.swift */; };
		6B1D517E278A1E8F009D6B07 /* CountriesBarChartView.swift in Sources */ = {isa = PBXBuildFile; fileRef = 6B1D517D278A1E8F009D6B07 /* CountriesBarChartView.swift */; };
		6B1D5180278A1FD2009D6B07 /* CitiesBarChartView.swift in Sources */ = {isa = PBXBuildFile; fileRef = 6B1D517F278A1FD2009D6B07 /* CitiesBarChartView.swift */; };
		6B1D5182278A20AA009D6B07 /* ContinentsBarChartView.swift in Sources */ = {isa = PBXBuildFile; fileRef = 6B1D5181278A20AA009D6B07 /* ContinentsBarChartView.swift */; };
		6B1D5184278A20EE009D6B07 /* TimezonesBarChartView.swift in Sources */ = {isa = PBXBuildFile; fileRef = 6B1D5183278A20EE009D6B07 /* TimezonesBarChartView.swift */; };
		6B20F12E24CD7FA500ED5766 /* TextPresentationView.swift in Sources */ = {isa = PBXBuildFile; fileRef = 6B20F12D24CD7FA500ED5766 /* TextPresentationView.swift */; };
		6B20F13024CD824B00ED5766 /* LogbookView.swift in Sources */ = {isa = PBXBuildFile; fileRef = 6B20F12F24CD824B00ED5766 /* LogbookView.swift */; };
		6B20F13424CEF71500ED5766 /* TextInfo.swift in Sources */ = {isa = PBXBuildFile; fileRef = 6B20F13324CEF71400ED5766 /* TextInfo.swift */; };
		6B20F13724CEF80B00ED5766 /* TextInfoGenerator.swift in Sources */ = {isa = PBXBuildFile; fileRef = 6B20F13624CEF80B00ED5766 /* TextInfoGenerator.swift */; };
		6B20F13924CEF9D400ED5766 /* TextInfoView.swift in Sources */ = {isa = PBXBuildFile; fileRef = 6B20F13824CEF9D400ED5766 /* TextInfoView.swift */; };
		6B2439292A8AAF24006A126A /* SwiftCSV in Frameworks */ = {isa = PBXBuildFile; productRef = 6B2439282A8AAF24006A126A /* SwiftCSV */; };
		6B24392C2A8AAF4B006A126A /* GEOSwift in Frameworks */ = {isa = PBXBuildFile; productRef = 6B24392B2A8AAF4B006A126A /* GEOSwift */; };
		6B24392F2A8AAF84006A126A /* SQLite in Frameworks */ = {isa = PBXBuildFile; productRef = 6B24392E2A8AAF84006A126A /* SQLite */; };
		6B2439322A8D5C93006A126A /* DrawablesMapView.swift in Sources */ = {isa = PBXBuildFile; fileRef = 6B2439312A8D5C93006A126A /* DrawablesMapView.swift */; };
		6B35C2902A9A3C200037DC51 /* PlacesMapView.swift in Sources */ = {isa = PBXBuildFile; fileRef = 6B35C28F2A9A3C200037DC51 /* PlacesMapView.swift */; };
		6B35C2922A9A50090037DC51 /* ModelCache.swift in Sources */ = {isa = PBXBuildFile; fileRef = 6B35C2912A9A50090037DC51 /* ModelCache.swift */; };
		6B35C2942A9A59280037DC51 /* Drawable.swift in Sources */ = {isa = PBXBuildFile; fileRef = 6B35C2932A9A59280037DC51 /* Drawable.swift */; };
		6B35C2962A9A9AE10037DC51 /* PlacesView.swift in Sources */ = {isa = PBXBuildFile; fileRef = 6B35C2952A9A9AE10037DC51 /* PlacesView.swift */; };
		6B50C1A0240BEE480090B578 /* CountriesListView.swift in Sources */ = {isa = PBXBuildFile; fileRef = 6B50C19F240BEE480090B578 /* CountriesListView.swift */; };
		6B50C1A2240BF0690090B578 /* WorldView.swift in Sources */ = {isa = PBXBuildFile; fileRef = 6B50C1A1240BF0690090B578 /* WorldView.swift */; };
		6B50C1A4240BF8FF0090B578 /* StateListItemView.swift in Sources */ = {isa = PBXBuildFile; fileRef = 6B50C1A3240BF8FF0090B578 /* StateListItemView.swift */; };
		6B521D0E23B74C7A00570CF2 /* AppDelegate.swift in Sources */ = {isa = PBXBuildFile; fileRef = 6B521D0D23B74C7A00570CF2 /* AppDelegate.swift */; };
		6B521D1023B74C7A00570CF2 /* SceneDelegate.swift in Sources */ = {isa = PBXBuildFile; fileRef = 6B521D0F23B74C7A00570CF2 /* SceneDelegate.swift */; };
		6B521D1223B74C7A00570CF2 /* ContentView.swift in Sources */ = {isa = PBXBuildFile; fileRef = 6B521D1123B74C7A00570CF2 /* ContentView.swift */; };
		6B521D1423B74C7F00570CF2 /* Assets.xcassets in Resources */ = {isa = PBXBuildFile; fileRef = 6B521D1323B74C7F00570CF2 /* Assets.xcassets */; };
		6B521D1723B74C7F00570CF2 /* Preview Assets.xcassets in Resources */ = {isa = PBXBuildFile; fileRef = 6B521D1623B74C7F00570CF2 /* Preview Assets.xcassets */; };
		6B521D1A23B74C7F00570CF2 /* LaunchScreen.storyboard in Resources */ = {isa = PBXBuildFile; fileRef = 6B521D1823B74C7F00570CF2 /* LaunchScreen.storyboard */; };
		6B521D2523B74C7F00570CF2 /* seelogTests.swift in Sources */ = {isa = PBXBuildFile; fileRef = 6B521D2423B74C7F00570CF2 /* seelogTests.swift */; };
		6B521D3023B74C7F00570CF2 /* seelogUITests.swift in Sources */ = {isa = PBXBuildFile; fileRef = 6B521D2F23B74C7F00570CF2 /* seelogUITests.swift */; };
		6B521D4023B7571C00570CF2 /* CircleImage.swift in Sources */ = {isa = PBXBuildFile; fileRef = 6B521D3F23B7571C00570CF2 /* CircleImage.swift */; };
		6B521D5623BCFC9900570CF2 /* VisitPeriodUpdater.swift in Sources */ = {isa = PBXBuildFile; fileRef = 6B521D4B23BCFC9800570CF2 /* VisitPeriodUpdater.swift */; };
		6B521D5823BCFC9900570CF2 /* PhotoInfo.swift in Sources */ = {isa = PBXBuildFile; fileRef = 6B521D4D23BCFC9800570CF2 /* PhotoInfo.swift */; };
		6B521D5C23BCFC9900570CF2 /* SeenAreaUpdater.swift in Sources */ = {isa = PBXBuildFile; fileRef = 6B521D5123BCFC9900570CF2 /* SeenAreaUpdater.swift */; };
		6B521D5D23BCFC9900570CF2 /* DatabaseCreator.swift in Sources */ = {isa = PBXBuildFile; fileRef = 6B521D5223BCFC9900570CF2 /* DatabaseCreator.swift */; };
		6B521D5F23BCFC9900570CF2 /* DatabaseInitializer.swift in Sources */ = {isa = PBXBuildFile; fileRef = 6B521D5423BCFC9900570CF2 /* DatabaseInitializer.swift */; };
		6B521D7023BCFCCB00570CF2 /* ContinentInfo.swift in Sources */ = {isa = PBXBuildFile; fileRef = 6B521D6323BCFCCB00570CF2 /* ContinentInfo.swift */; };
		6B521D7223BCFCCB00570CF2 /* CityInfo.swift in Sources */ = {isa = PBXBuildFile; fileRef = 6B521D6523BCFCCB00570CF2 /* CityInfo.swift */; };
		6B521D7323BCFCCB00570CF2 /* CompleteHistoryPurchase.swift in Sources */ = {isa = PBXBuildFile; fileRef = 6B521D6623BCFCCB00570CF2 /* CompleteHistoryPurchase.swift */; };
		6B521D7423BCFCCB00570CF2 /* TimezoneInfo.swift in Sources */ = {isa = PBXBuildFile; fileRef = 6B521D6723BCFCCB00570CF2 /* TimezoneInfo.swift */; };
		6B521D7523BCFCCB00570CF2 /* ViewState.swift in Sources */ = {isa = PBXBuildFile; fileRef = 6B521D6823BCFCCB00570CF2 /* ViewState.swift */; };
		6B521D7723BCFCCB00570CF2 /* Photo.swift in Sources */ = {isa = PBXBuildFile; fileRef = 6B521D6A23BCFCCB00570CF2 /* Photo.swift */; };
		6B521D7823BCFCCB00570CF2 /* StateInfo.swift in Sources */ = {isa = PBXBuildFile; fileRef = 6B521D6B23BCFCCB00570CF2 /* StateInfo.swift */; };
		6B521D7A23BCFCCB00570CF2 /* StatsProvider.swift in Sources */ = {isa = PBXBuildFile; fileRef = 6B521D6D23BCFCCB00570CF2 /* StatsProvider.swift */; };
		6B521D7B23BCFCCB00570CF2 /* GeoDatabase.swift in Sources */ = {isa = PBXBuildFile; fileRef = 6B521D6E23BCFCCB00570CF2 /* GeoDatabase.swift */; };
		6B521D7C23BCFCCB00570CF2 /* CountryInfo.swift in Sources */ = {isa = PBXBuildFile; fileRef = 6B521D6F23BCFCCB00570CF2 /* CountryInfo.swift */; };
		6B521DB923BCFD4200570CF2 /* BlockingQueue.swift in Sources */ = {isa = PBXBuildFile; fileRef = 6B521DAE23BCFD4100570CF2 /* BlockingQueue.swift */; };
		6B521DBA23BCFD4200570CF2 /* IAPHelper.swift in Sources */ = {isa = PBXBuildFile; fileRef = 6B521DAF23BCFD4100570CF2 /* IAPHelper.swift */; };
		6B521DBC23BCFD4200570CF2 /* CountryCodeMappings.swift in Sources */ = {isa = PBXBuildFile; fileRef = 6B521DB123BCFD4100570CF2 /* CountryCodeMappings.swift */; };
		6B521DBD23BCFD4200570CF2 /* synchronize.swift in Sources */ = {isa = PBXBuildFile; fileRef = 6B521DB223BCFD4100570CF2 /* synchronize.swift */; };
		6B521DBE23BCFD4200570CF2 /* VisitPeriodManager.swift in Sources */ = {isa = PBXBuildFile; fileRef = 6B521DB323BCFD4100570CF2 /* VisitPeriodManager.swift */; };
		6B521DC023BCFD4200570CF2 /* Date.swift in Sources */ = {isa = PBXBuildFile; fileRef = 6B521DB523BCFD4100570CF2 /* Date.swift */; };
		6B521DC123BCFD4200570CF2 /* Geohash.swift in Sources */ = {isa = PBXBuildFile; fileRef = 6B521DB623BCFD4100570CF2 /* Geohash.swift */; };
		6B521DC223BCFD4200570CF2 /* ConcurrentArray.swift in Sources */ = {isa = PBXBuildFile; fileRef = 6B521DB723BCFD4100570CF2 /* ConcurrentArray.swift */; };
		6B521DC323BCFD4200570CF2 /* Helpers.swift in Sources */ = {isa = PBXBuildFile; fileRef = 6B521DB823BCFD4200570CF2 /* Helpers.swift */; };
		6B521DC723BCFDF500570CF2 /* seelog.xcdatamodeld in Sources */ = {isa = PBXBuildFile; fileRef = 6B521DC523BCFDF500570CF2 /* seelog.xcdatamodeld */; };
		6B5CC36D23F9543700628C7F /* CountriesView.swift in Sources */ = {isa = PBXBuildFile; fileRef = 6B5CC36C23F9543700628C7F /* CountriesView.swift */; };
		6B5CC36F23F95E7900628C7F /* MainView.swift in Sources */ = {isa = PBXBuildFile; fileRef = 6B5CC36E23F95E7900628C7F /* MainView.swift */; };
		6B5CC37123F97FAC00628C7F /* PolygonView.swift in Sources */ = {isa = PBXBuildFile; fileRef = 6B5CC37023F97FAC00628C7F /* PolygonView.swift */; };
		6B5F97BF24139C4300624419 /* GeometryDescription.swift in Sources */ = {isa = PBXBuildFile; fileRef = 6B5F97BE24139C4300624419 /* GeometryDescription.swift */; };
		6B5F97C12413B5F000624419 /* BadgeView.swift in Sources */ = {isa = PBXBuildFile; fileRef = 6B5F97C02413B5F000624419 /* BadgeView.swift */; };
		6B5F97C32413E06A00624419 /* CountryBadgeView.swift in Sources */ = {isa = PBXBuildFile; fileRef = 6B5F97C22413E06900624419 /* CountryBadgeView.swift */; };
		6B660E0823BE62D7000CD3BB /* LoadingView.swift in Sources */ = {isa = PBXBuildFile; fileRef = 6B660E0723BE62D7000CD3BB /* LoadingView.swift */; };
		6B660E0A23BE636D000CD3BB /* CitiesView.swift in Sources */ = {isa = PBXBuildFile; fileRef = 6B660E0923BE636D000CD3BB /* CitiesView.swift */; };
		6B660E0C23BE6388000CD3BB /* ContinentsView.swift in Sources */ = {isa = PBXBuildFile; fileRef = 6B660E0B23BE6388000CD3BB /* ContinentsView.swift */; };
		6B660E0E23BE63A0000CD3BB /* TimezonesView.swift in Sources */ = {isa = PBXBuildFile; fileRef = 6B660E0D23BE63A0000CD3BB /* TimezonesView.swift */; };
		6B660E1723CB24EA000CD3BB /* DomainModel.swift in Sources */ = {isa = PBXBuildFile; fileRef = 6B660E1623CB24EA000CD3BB /* DomainModel.swift */; };
		6B660E1923CB30FA000CD3BB /* generated.sqlite in Resources */ = {isa = PBXBuildFile; fileRef = 6B660E1823CB30FA000CD3BB /* generated.sqlite */; };
		6B660E1A23CB30FA000CD3BB /* generated.sqlite in Resources */ = {isa = PBXBuildFile; fileRef = 6B660E1823CB30FA000CD3BB /* generated.sqlite */; };
		6B660E1B23CB30FA000CD3BB /* generated.sqlite in Resources */ = {isa = PBXBuildFile; fileRef = 6B660E1823CB30FA000CD3BB /* generated.sqlite */; };
		6B660E3623CB7CD7000CD3BB /* BarChartView.swift in Sources */ = {isa = PBXBuildFile; fileRef = 6B660E3523CB7CD7000CD3BB /* BarChartView.swift */; };
		6B6B5973244CB66A00E52D9D /* SphericalMercator.swift in Sources */ = {isa = PBXBuildFile; fileRef = 6B6B5972244CB66900E52D9D /* SphericalMercator.swift */; };
		6B8F6F8C244C3CE100402F4F /* ChartColorTemplates.swift in Sources */ = {isa = PBXBuildFile; fileRef = 6B8F6F8B244C3CE100402F4F /* ChartColorTemplates.swift */; };
		6BB193E72401C276008BEFDD /* ContinentView.swift in Sources */ = {isa = PBXBuildFile; fileRef = 6BB193E62401C276008BEFDD /* ContinentView.swift */; };
		6BB193E92401C77A008BEFDD /* TimezoneView.swift in Sources */ = {isa = PBXBuildFile; fileRef = 6BB193E82401C77A008BEFDD /* TimezoneView.swift */; };
		6BB193EB24026330008BEFDD /* CityView.swift in Sources */ = {isa = PBXBuildFile; fileRef = 6BB193EA24026330008BEFDD /* CityView.swift */; };
		6BB193ED2402656E008BEFDD /* TripsListView.swift in Sources */ = {isa = PBXBuildFile; fileRef = 6BB193EC2402656E008BEFDD /* TripsListView.swift */; };
		6BB193EF24026B13008BEFDD /* World.swift in Sources */ = {isa = PBXBuildFile; fileRef = 6BB193EE24026B13008BEFDD /* World.swift */; };
		6BB193F124026C14008BEFDD /* StayDurationBarChartView.swift in Sources */ = {isa = PBXBuildFile; fileRef = 6BB193F024026C14008BEFDD /* StayDurationBarChartView.swift */; };
		6BB193F324026D55008BEFDD /* StateView.swift in Sources */ = {isa = PBXBuildFile; fileRef = 6BB193F224026D55008BEFDD /* StateView.swift */; };
		6BB193F524026EB4008BEFDD /* CitiesListView.swift in Sources */ = {isa = PBXBuildFile; fileRef = 6BB193F424026EB4008BEFDD /* CitiesListView.swift */; };
		6BB193F724026F79008BEFDD /* StatesListView.swift in Sources */ = {isa = PBXBuildFile; fileRef = 6BB193F624026F79008BEFDD /* StatesListView.swift */; };
		6BCBE6FE23F0719200DBC9D7 /* SeenArea.swift in Sources */ = {isa = PBXBuildFile; fileRef = 6BCBE6FD23F0719200DBC9D7 /* SeenArea.swift */; };
		6BCBE70023F07E0400DBC9D7 /* Country.swift in Sources */ = {isa = PBXBuildFile; fileRef = 6BCBE6FF23F07E0400DBC9D7 /* Country.swift */; };
		6BCBE70223F07E1C00DBC9D7 /* Trip.swift in Sources */ = {isa = PBXBuildFile; fileRef = 6BCBE70123F07E1C00DBC9D7 /* Trip.swift */; };
		6BCBE70423F07E5A00DBC9D7 /* Year.swift in Sources */ = {isa = PBXBuildFile; fileRef = 6BCBE70323F07E5A00DBC9D7 /* Year.swift */; };
		6BCBE70623F07FB900DBC9D7 /* Trippable.swift in Sources */ = {isa = PBXBuildFile; fileRef = 6BCBE70523F07FB900DBC9D7 /* Trippable.swift */; };
		6BCBE70823F0819E00DBC9D7 /* Region.swift in Sources */ = {isa = PBXBuildFile; fileRef = 6BCBE70723F0819E00DBC9D7 /* Region.swift */; };
		6BCBE70A23F081FE00DBC9D7 /* Continent.swift in Sources */ = {isa = PBXBuildFile; fileRef = 6BCBE70923F081FE00DBC9D7 /* Continent.swift */; };
		6BCBE70C23F0823A00DBC9D7 /* Timezone.swift in Sources */ = {isa = PBXBuildFile; fileRef = 6BCBE70B23F0823A00DBC9D7 /* Timezone.swift */; };
		6BCBE70E23F0827200DBC9D7 /* City.swift in Sources */ = {isa = PBXBuildFile; fileRef = 6BCBE70D23F0827200DBC9D7 /* City.swift */; };
		6BCBE71023F0934500DBC9D7 /* SeenGeometry.swift in Sources */ = {isa = PBXBuildFile; fileRef = 6BCBE70F23F0934500DBC9D7 /* SeenGeometry.swift */; };
		6BE6749323EEBD0C00102673 /* visit_periods.csv in Resources */ = {isa = PBXBuildFile; fileRef = 6BE6749223EEBD0C00102673 /* visit_periods.csv */; };
		6BE6749423EEBD1100102673 /* visit_periods.csv in Resources */ = {isa = PBXBuildFile; fileRef = 6BE6749223EEBD0C00102673 /* visit_periods.csv */; };
		6BE6749523EEBD1200102673 /* visit_periods.csv in Resources */ = {isa = PBXBuildFile; fileRef = 6BE6749223EEBD0C00102673 /* visit_periods.csv */; };
		6BE6749723EF049200102673 /* CountryView.swift in Sources */ = {isa = PBXBuildFile; fileRef = 6BE6749623EF049200102673 /* CountryView.swift */; };
		6BE6749923F00C7700102673 /* VisitPeriod.swift in Sources */ = {isa = PBXBuildFile; fileRef = 6BE6749823F00C7700102673 /* VisitPeriod.swift */; };
		6BF5BF862402C0FC0038AD9E /* LoadingViewState.swift in Sources */ = {isa = PBXBuildFile; fileRef = 6BF5BF852402C0FC0038AD9E /* LoadingViewState.swift */; };
		6BF5BF882402C2290038AD9E /* InitializationController.swift in Sources */ = {isa = PBXBuildFile; fileRef = 6BF5BF872402C2290038AD9E /* InitializationController.swift */; };
		6BF5BF8A2402F2B60038AD9E /* CountriesHeatView.swift in Sources */ = {isa = PBXBuildFile; fileRef = 6BF5BF892402F2B60038AD9E /* CountriesHeatView.swift */; };
		6BF5BF8C2402F3A30038AD9E /* CitiesHeatView.swift in Sources */ = {isa = PBXBuildFile; fileRef = 6BF5BF8B2402F3A30038AD9E /* CitiesHeatView.swift */; };
		6BF5BF8E2402F4090038AD9E /* ContinentsHeatView.swift in Sources */ = {isa = PBXBuildFile; fileRef = 6BF5BF8D2402F4090038AD9E /* ContinentsHeatView.swift */; };
		6BF5BF902402F4AE0038AD9E /* TimezoneHeatView.swift in Sources */ = {isa = PBXBuildFile; fileRef = 6BF5BF8F2402F4AE0038AD9E /* TimezoneHeatView.swift */; };
		6BF5BF922402FB780038AD9E /* CountryListItemView.swift in Sources */ = {isa = PBXBuildFile; fileRef = 6BF5BF912402FB780038AD9E /* CountryListItemView.swift */; };
		6BF5BF94240304AB0038AD9E /* ContinentListItemView.swift in Sources */ = {isa = PBXBuildFile; fileRef = 6BF5BF93240304AB0038AD9E /* ContinentListItemView.swift */; };
		6BF5BF96240305390038AD9E /* CityListItemView.swift in Sources */ = {isa = PBXBuildFile; fileRef = 6BF5BF95240305390038AD9E /* CityListItemView.swift */; };
		6BF5BF98240306CB0038AD9E /* TimezoneListItemView.swift in Sources */ = {isa = PBXBuildFile; fileRef = 6BF5BF97240306CB0038AD9E /* TimezoneListItemView.swift */; };
		6BFA74C22446350A004139EA /* seen_areas.csv in Resources */ = {isa = PBXBuildFile; fileRef = 6BFA74C12446350A004139EA /* seen_areas.csv */; };
		6BFB19BD2A90866E0035594B /* GEOSwiftMapKit in Frameworks */ = {isa = PBXBuildFile; productRef = 6BFB19BC2A90866E0035594B /* GEOSwiftMapKit */; };
		6BFB19BF2A9088E20035594B /* CountryPolygon.swift in Sources */ = {isa = PBXBuildFile; fileRef = 6BFB19BE2A9088E20035594B /* CountryPolygon.swift */; };
		6BFB19C12A9097420035594B /* ZoomType.swift in Sources */ = {isa = PBXBuildFile; fileRef = 6BFB19C02A9097420035594B /* ZoomType.swift */; };
/* End PBXBuildFile section */

/* Begin PBXContainerItemProxy section */
		6B521D2123B74C7F00570CF2 /* PBXContainerItemProxy */ = {
			isa = PBXContainerItemProxy;
			containerPortal = 6B521D0223B74C7A00570CF2 /* Project object */;
			proxyType = 1;
			remoteGlobalIDString = 6B521D0923B74C7A00570CF2;
			remoteInfo = seelog;
		};
		6B521D2C23B74C7F00570CF2 /* PBXContainerItemProxy */ = {
			isa = PBXContainerItemProxy;
			containerPortal = 6B521D0223B74C7A00570CF2 /* Project object */;
			proxyType = 1;
			remoteGlobalIDString = 6B521D0923B74C7A00570CF2;
			remoteInfo = seelog;
		};
/* End PBXContainerItemProxy section */

/* Begin PBXFileReference section */
		6B04671024D1FE83009892AF /* SelectedYearState.swift */ = {isa = PBXFileReference; lastKnownFileType = sourcecode.swift; path = SelectedYearState.swift; sourceTree = "<group>"; };
		6B1D517D278A1E8F009D6B07 /* CountriesBarChartView.swift */ = {isa = PBXFileReference; lastKnownFileType = sourcecode.swift; path = CountriesBarChartView.swift; sourceTree = "<group>"; };
		6B1D517F278A1FD2009D6B07 /* CitiesBarChartView.swift */ = {isa = PBXFileReference; lastKnownFileType = sourcecode.swift; path = CitiesBarChartView.swift; sourceTree = "<group>"; };
		6B1D5181278A20AA009D6B07 /* ContinentsBarChartView.swift */ = {isa = PBXFileReference; lastKnownFileType = sourcecode.swift; path = ContinentsBarChartView.swift; sourceTree = "<group>"; };
		6B1D5183278A20EE009D6B07 /* TimezonesBarChartView.swift */ = {isa = PBXFileReference; lastKnownFileType = sourcecode.swift; path = TimezonesBarChartView.swift; sourceTree = "<group>"; };
		6B20F12D24CD7FA500ED5766 /* TextPresentationView.swift */ = {isa = PBXFileReference; lastKnownFileType = sourcecode.swift; path = TextPresentationView.swift; sourceTree = "<group>"; };
		6B20F12F24CD824B00ED5766 /* LogbookView.swift */ = {isa = PBXFileReference; lastKnownFileType = sourcecode.swift; path = LogbookView.swift; sourceTree = "<group>"; };
		6B20F13324CEF71400ED5766 /* TextInfo.swift */ = {isa = PBXFileReference; lastKnownFileType = sourcecode.swift; path = TextInfo.swift; sourceTree = "<group>"; };
		6B20F13624CEF80B00ED5766 /* TextInfoGenerator.swift */ = {isa = PBXFileReference; lastKnownFileType = sourcecode.swift; path = TextInfoGenerator.swift; sourceTree = "<group>"; };
		6B20F13824CEF9D400ED5766 /* TextInfoView.swift */ = {isa = PBXFileReference; lastKnownFileType = sourcecode.swift; path = TextInfoView.swift; sourceTree = "<group>"; };
		6B2439312A8D5C93006A126A /* DrawablesMapView.swift */ = {isa = PBXFileReference; lastKnownFileType = sourcecode.swift; path = DrawablesMapView.swift; sourceTree = "<group>"; };
		6B35C28F2A9A3C200037DC51 /* PlacesMapView.swift */ = {isa = PBXFileReference; lastKnownFileType = sourcecode.swift; path = PlacesMapView.swift; sourceTree = "<group>"; };
		6B35C2912A9A50090037DC51 /* ModelCache.swift */ = {isa = PBXFileReference; lastKnownFileType = sourcecode.swift; path = ModelCache.swift; sourceTree = "<group>"; };
		6B35C2932A9A59280037DC51 /* Drawable.swift */ = {isa = PBXFileReference; lastKnownFileType = sourcecode.swift; path = Drawable.swift; sourceTree = "<group>"; };
		6B35C2952A9A9AE10037DC51 /* PlacesView.swift */ = {isa = PBXFileReference; lastKnownFileType = sourcecode.swift; path = PlacesView.swift; sourceTree = "<group>"; };
		6B50C19F240BEE480090B578 /* CountriesListView.swift */ = {isa = PBXFileReference; lastKnownFileType = sourcecode.swift; path = CountriesListView.swift; sourceTree = "<group>"; };
		6B50C1A1240BF0690090B578 /* WorldView.swift */ = {isa = PBXFileReference; lastKnownFileType = sourcecode.swift; path = WorldView.swift; sourceTree = "<group>"; };
		6B50C1A3240BF8FF0090B578 /* StateListItemView.swift */ = {isa = PBXFileReference; lastKnownFileType = sourcecode.swift; path = StateListItemView.swift; sourceTree = "<group>"; };
		6B521D0A23B74C7A00570CF2 /* Seelog.app */ = {isa = PBXFileReference; explicitFileType = wrapper.application; includeInIndex = 0; path = Seelog.app; sourceTree = BUILT_PRODUCTS_DIR; };
		6B521D0D23B74C7A00570CF2 /* AppDelegate.swift */ = {isa = PBXFileReference; lastKnownFileType = sourcecode.swift; path = AppDelegate.swift; sourceTree = "<group>"; };
		6B521D0F23B74C7A00570CF2 /* SceneDelegate.swift */ = {isa = PBXFileReference; lastKnownFileType = sourcecode.swift; path = SceneDelegate.swift; sourceTree = "<group>"; };
		6B521D1123B74C7A00570CF2 /* ContentView.swift */ = {isa = PBXFileReference; lastKnownFileType = sourcecode.swift; path = ContentView.swift; sourceTree = "<group>"; };
		6B521D1323B74C7F00570CF2 /* Assets.xcassets */ = {isa = PBXFileReference; lastKnownFileType = folder.assetcatalog; path = Assets.xcassets; sourceTree = "<group>"; };
		6B521D1623B74C7F00570CF2 /* Preview Assets.xcassets */ = {isa = PBXFileReference; lastKnownFileType = folder.assetcatalog; path = "Preview Assets.xcassets"; sourceTree = "<group>"; };
		6B521D1923B74C7F00570CF2 /* Base */ = {isa = PBXFileReference; lastKnownFileType = file.storyboard; name = Base; path = Base.lproj/LaunchScreen.storyboard; sourceTree = "<group>"; };
		6B521D1B23B74C7F00570CF2 /* Info.plist */ = {isa = PBXFileReference; lastKnownFileType = text.plist.xml; path = Info.plist; sourceTree = "<group>"; };
		6B521D2023B74C7F00570CF2 /* seelogTests.xctest */ = {isa = PBXFileReference; explicitFileType = wrapper.cfbundle; includeInIndex = 0; path = seelogTests.xctest; sourceTree = BUILT_PRODUCTS_DIR; };
		6B521D2423B74C7F00570CF2 /* seelogTests.swift */ = {isa = PBXFileReference; lastKnownFileType = sourcecode.swift; path = seelogTests.swift; sourceTree = "<group>"; };
		6B521D2623B74C7F00570CF2 /* Info.plist */ = {isa = PBXFileReference; lastKnownFileType = text.plist.xml; path = Info.plist; sourceTree = "<group>"; };
		6B521D2B23B74C7F00570CF2 /* seelogUITests.xctest */ = {isa = PBXFileReference; explicitFileType = wrapper.cfbundle; includeInIndex = 0; path = seelogUITests.xctest; sourceTree = BUILT_PRODUCTS_DIR; };
		6B521D2F23B74C7F00570CF2 /* seelogUITests.swift */ = {isa = PBXFileReference; lastKnownFileType = sourcecode.swift; path = seelogUITests.swift; sourceTree = "<group>"; };
		6B521D3123B74C7F00570CF2 /* Info.plist */ = {isa = PBXFileReference; lastKnownFileType = text.plist.xml; path = Info.plist; sourceTree = "<group>"; };
		6B521D3F23B7571C00570CF2 /* CircleImage.swift */ = {isa = PBXFileReference; lastKnownFileType = sourcecode.swift; path = CircleImage.swift; sourceTree = "<group>"; };
		6B521D4B23BCFC9800570CF2 /* VisitPeriodUpdater.swift */ = {isa = PBXFileReference; fileEncoding = 4; lastKnownFileType = sourcecode.swift; path = VisitPeriodUpdater.swift; sourceTree = "<group>"; };
		6B521D4D23BCFC9800570CF2 /* PhotoInfo.swift */ = {isa = PBXFileReference; fileEncoding = 4; lastKnownFileType = sourcecode.swift; path = PhotoInfo.swift; sourceTree = "<group>"; };
		6B521D5123BCFC9900570CF2 /* SeenAreaUpdater.swift */ = {isa = PBXFileReference; fileEncoding = 4; lastKnownFileType = sourcecode.swift; path = SeenAreaUpdater.swift; sourceTree = "<group>"; };
		6B521D5223BCFC9900570CF2 /* DatabaseCreator.swift */ = {isa = PBXFileReference; fileEncoding = 4; lastKnownFileType = sourcecode.swift; path = DatabaseCreator.swift; sourceTree = "<group>"; };
		6B521D5423BCFC9900570CF2 /* DatabaseInitializer.swift */ = {isa = PBXFileReference; fileEncoding = 4; lastKnownFileType = sourcecode.swift; path = DatabaseInitializer.swift; sourceTree = "<group>"; };
		6B521D6323BCFCCB00570CF2 /* ContinentInfo.swift */ = {isa = PBXFileReference; fileEncoding = 4; lastKnownFileType = sourcecode.swift; path = ContinentInfo.swift; sourceTree = "<group>"; };
		6B521D6523BCFCCB00570CF2 /* CityInfo.swift */ = {isa = PBXFileReference; fileEncoding = 4; lastKnownFileType = sourcecode.swift; path = CityInfo.swift; sourceTree = "<group>"; };
		6B521D6623BCFCCB00570CF2 /* CompleteHistoryPurchase.swift */ = {isa = PBXFileReference; fileEncoding = 4; lastKnownFileType = sourcecode.swift; path = CompleteHistoryPurchase.swift; sourceTree = "<group>"; };
		6B521D6723BCFCCB00570CF2 /* TimezoneInfo.swift */ = {isa = PBXFileReference; fileEncoding = 4; lastKnownFileType = sourcecode.swift; path = TimezoneInfo.swift; sourceTree = "<group>"; };
		6B521D6823BCFCCB00570CF2 /* ViewState.swift */ = {isa = PBXFileReference; fileEncoding = 4; lastKnownFileType = sourcecode.swift; path = ViewState.swift; sourceTree = "<group>"; };
		6B521D6A23BCFCCB00570CF2 /* Photo.swift */ = {isa = PBXFileReference; fileEncoding = 4; lastKnownFileType = sourcecode.swift; path = Photo.swift; sourceTree = "<group>"; };
		6B521D6B23BCFCCB00570CF2 /* StateInfo.swift */ = {isa = PBXFileReference; fileEncoding = 4; lastKnownFileType = sourcecode.swift; path = StateInfo.swift; sourceTree = "<group>"; };
		6B521D6D23BCFCCB00570CF2 /* StatsProvider.swift */ = {isa = PBXFileReference; fileEncoding = 4; lastKnownFileType = sourcecode.swift; path = StatsProvider.swift; sourceTree = "<group>"; };
		6B521D6E23BCFCCB00570CF2 /* GeoDatabase.swift */ = {isa = PBXFileReference; fileEncoding = 4; lastKnownFileType = sourcecode.swift; path = GeoDatabase.swift; sourceTree = "<group>"; };
		6B521D6F23BCFCCB00570CF2 /* CountryInfo.swift */ = {isa = PBXFileReference; fileEncoding = 4; lastKnownFileType = sourcecode.swift; path = CountryInfo.swift; sourceTree = "<group>"; };
		6B521DAE23BCFD4100570CF2 /* BlockingQueue.swift */ = {isa = PBXFileReference; fileEncoding = 4; lastKnownFileType = sourcecode.swift; path = BlockingQueue.swift; sourceTree = "<group>"; };
		6B521DAF23BCFD4100570CF2 /* IAPHelper.swift */ = {isa = PBXFileReference; fileEncoding = 4; lastKnownFileType = sourcecode.swift; path = IAPHelper.swift; sourceTree = "<group>"; };
		6B521DB123BCFD4100570CF2 /* CountryCodeMappings.swift */ = {isa = PBXFileReference; fileEncoding = 4; lastKnownFileType = sourcecode.swift; path = CountryCodeMappings.swift; sourceTree = "<group>"; };
		6B521DB223BCFD4100570CF2 /* synchronize.swift */ = {isa = PBXFileReference; fileEncoding = 4; lastKnownFileType = sourcecode.swift; path = synchronize.swift; sourceTree = "<group>"; };
		6B521DB323BCFD4100570CF2 /* VisitPeriodManager.swift */ = {isa = PBXFileReference; fileEncoding = 4; lastKnownFileType = sourcecode.swift; path = VisitPeriodManager.swift; sourceTree = "<group>"; };
		6B521DB523BCFD4100570CF2 /* Date.swift */ = {isa = PBXFileReference; fileEncoding = 4; lastKnownFileType = sourcecode.swift; path = Date.swift; sourceTree = "<group>"; };
		6B521DB623BCFD4100570CF2 /* Geohash.swift */ = {isa = PBXFileReference; fileEncoding = 4; lastKnownFileType = sourcecode.swift; path = Geohash.swift; sourceTree = "<group>"; };
		6B521DB723BCFD4100570CF2 /* ConcurrentArray.swift */ = {isa = PBXFileReference; fileEncoding = 4; lastKnownFileType = sourcecode.swift; path = ConcurrentArray.swift; sourceTree = "<group>"; };
		6B521DB823BCFD4200570CF2 /* Helpers.swift */ = {isa = PBXFileReference; fileEncoding = 4; lastKnownFileType = sourcecode.swift; path = Helpers.swift; sourceTree = "<group>"; };
		6B521DC623BCFDF500570CF2 /* seelog.xcdatamodel */ = {isa = PBXFileReference; lastKnownFileType = wrapper.xcdatamodel; path = seelog.xcdatamodel; sourceTree = "<group>"; };
		6B5CC36C23F9543700628C7F /* CountriesView.swift */ = {isa = PBXFileReference; lastKnownFileType = sourcecode.swift; path = CountriesView.swift; sourceTree = "<group>"; };
		6B5CC36E23F95E7900628C7F /* MainView.swift */ = {isa = PBXFileReference; lastKnownFileType = sourcecode.swift; path = MainView.swift; sourceTree = "<group>"; };
		6B5CC37023F97FAC00628C7F /* PolygonView.swift */ = {isa = PBXFileReference; lastKnownFileType = sourcecode.swift; path = PolygonView.swift; sourceTree = "<group>"; };
		6B5F97BE24139C4300624419 /* GeometryDescription.swift */ = {isa = PBXFileReference; lastKnownFileType = sourcecode.swift; path = GeometryDescription.swift; sourceTree = "<group>"; };
		6B5F97C02413B5F000624419 /* BadgeView.swift */ = {isa = PBXFileReference; lastKnownFileType = sourcecode.swift; path = BadgeView.swift; sourceTree = "<group>"; };
		6B5F97C22413E06900624419 /* CountryBadgeView.swift */ = {isa = PBXFileReference; lastKnownFileType = sourcecode.swift; path = CountryBadgeView.swift; sourceTree = "<group>"; };
		6B660E0723BE62D7000CD3BB /* LoadingView.swift */ = {isa = PBXFileReference; lastKnownFileType = sourcecode.swift; path = LoadingView.swift; sourceTree = "<group>"; };
		6B660E0923BE636D000CD3BB /* CitiesView.swift */ = {isa = PBXFileReference; lastKnownFileType = sourcecode.swift; path = CitiesView.swift; sourceTree = "<group>"; };
		6B660E0B23BE6388000CD3BB /* ContinentsView.swift */ = {isa = PBXFileReference; lastKnownFileType = sourcecode.swift; path = ContinentsView.swift; sourceTree = "<group>"; };
		6B660E0D23BE63A0000CD3BB /* TimezonesView.swift */ = {isa = PBXFileReference; lastKnownFileType = sourcecode.swift; path = TimezonesView.swift; sourceTree = "<group>"; };
		6B660E1323BE7702000CD3BB /* seelog.sqlite-wal */ = {isa = PBXFileReference; lastKnownFileType = text; path = "seelog.sqlite-wal"; sourceTree = "<group>"; };
		6B660E1423BE7702000CD3BB /* seelog.sqlite */ = {isa = PBXFileReference; lastKnownFileType = file; path = seelog.sqlite; sourceTree = "<group>"; };
		6B660E1523BE7702000CD3BB /* seelog.sqlite-shm */ = {isa = PBXFileReference; lastKnownFileType = file; path = "seelog.sqlite-shm"; sourceTree = "<group>"; };
		6B660E1623CB24EA000CD3BB /* DomainModel.swift */ = {isa = PBXFileReference; lastKnownFileType = sourcecode.swift; path = DomainModel.swift; sourceTree = "<group>"; };
		6B660E1823CB30FA000CD3BB /* generated.sqlite */ = {isa = PBXFileReference; lastKnownFileType = file; path = generated.sqlite; sourceTree = "<group>"; };
		6B660E3523CB7CD7000CD3BB /* BarChartView.swift */ = {isa = PBXFileReference; lastKnownFileType = sourcecode.swift; path = BarChartView.swift; sourceTree = "<group>"; };
		6B66828A24D48CEB00E1EECE /* Seelog.entitlements */ = {isa = PBXFileReference; lastKnownFileType = text.plist.entitlements; path = Seelog.entitlements; sourceTree = "<group>"; };
		6B6B5972244CB66900E52D9D /* SphericalMercator.swift */ = {isa = PBXFileReference; lastKnownFileType = sourcecode.swift; path = SphericalMercator.swift; sourceTree = "<group>"; };
		6B8F6F8B244C3CE100402F4F /* ChartColorTemplates.swift */ = {isa = PBXFileReference; lastKnownFileType = sourcecode.swift; path = ChartColorTemplates.swift; sourceTree = "<group>"; };
		6BB193E62401C276008BEFDD /* ContinentView.swift */ = {isa = PBXFileReference; lastKnownFileType = sourcecode.swift; path = ContinentView.swift; sourceTree = "<group>"; };
		6BB193E82401C77A008BEFDD /* TimezoneView.swift */ = {isa = PBXFileReference; lastKnownFileType = sourcecode.swift; path = TimezoneView.swift; sourceTree = "<group>"; };
		6BB193EA24026330008BEFDD /* CityView.swift */ = {isa = PBXFileReference; lastKnownFileType = sourcecode.swift; path = CityView.swift; sourceTree = "<group>"; };
		6BB193EC2402656E008BEFDD /* TripsListView.swift */ = {isa = PBXFileReference; lastKnownFileType = sourcecode.swift; path = TripsListView.swift; sourceTree = "<group>"; };
		6BB193EE24026B13008BEFDD /* World.swift */ = {isa = PBXFileReference; lastKnownFileType = sourcecode.swift; path = World.swift; sourceTree = "<group>"; };
		6BB193F024026C14008BEFDD /* StayDurationBarChartView.swift */ = {isa = PBXFileReference; lastKnownFileType = sourcecode.swift; path = StayDurationBarChartView.swift; sourceTree = "<group>"; };
		6BB193F224026D55008BEFDD /* StateView.swift */ = {isa = PBXFileReference; lastKnownFileType = sourcecode.swift; path = StateView.swift; sourceTree = "<group>"; };
		6BB193F424026EB4008BEFDD /* CitiesListView.swift */ = {isa = PBXFileReference; lastKnownFileType = sourcecode.swift; path = CitiesListView.swift; sourceTree = "<group>"; };
		6BB193F624026F79008BEFDD /* StatesListView.swift */ = {isa = PBXFileReference; lastKnownFileType = sourcecode.swift; path = StatesListView.swift; sourceTree = "<group>"; };
		6BCBE6FD23F0719200DBC9D7 /* SeenArea.swift */ = {isa = PBXFileReference; lastKnownFileType = sourcecode.swift; path = SeenArea.swift; sourceTree = "<group>"; };
		6BCBE6FF23F07E0400DBC9D7 /* Country.swift */ = {isa = PBXFileReference; lastKnownFileType = sourcecode.swift; path = Country.swift; sourceTree = "<group>"; };
		6BCBE70123F07E1C00DBC9D7 /* Trip.swift */ = {isa = PBXFileReference; lastKnownFileType = sourcecode.swift; path = Trip.swift; sourceTree = "<group>"; };
		6BCBE70323F07E5A00DBC9D7 /* Year.swift */ = {isa = PBXFileReference; lastKnownFileType = sourcecode.swift; path = Year.swift; sourceTree = "<group>"; };
		6BCBE70523F07FB900DBC9D7 /* Trippable.swift */ = {isa = PBXFileReference; lastKnownFileType = sourcecode.swift; path = Trippable.swift; sourceTree = "<group>"; };
		6BCBE70723F0819E00DBC9D7 /* Region.swift */ = {isa = PBXFileReference; lastKnownFileType = sourcecode.swift; path = Region.swift; sourceTree = "<group>"; };
		6BCBE70923F081FE00DBC9D7 /* Continent.swift */ = {isa = PBXFileReference; lastKnownFileType = sourcecode.swift; path = Continent.swift; sourceTree = "<group>"; };
		6BCBE70B23F0823A00DBC9D7 /* Timezone.swift */ = {isa = PBXFileReference; lastKnownFileType = sourcecode.swift; path = Timezone.swift; sourceTree = "<group>"; };
		6BCBE70D23F0827200DBC9D7 /* City.swift */ = {isa = PBXFileReference; lastKnownFileType = sourcecode.swift; path = City.swift; sourceTree = "<group>"; };
		6BCBE70F23F0934500DBC9D7 /* SeenGeometry.swift */ = {isa = PBXFileReference; lastKnownFileType = sourcecode.swift; path = SeenGeometry.swift; sourceTree = "<group>"; };
		6BE6749223EEBD0C00102673 /* visit_periods.csv */ = {isa = PBXFileReference; lastKnownFileType = text; name = visit_periods.csv; path = seelog/visit_periods.csv; sourceTree = SOURCE_ROOT; };
		6BE6749623EF049200102673 /* CountryView.swift */ = {isa = PBXFileReference; lastKnownFileType = sourcecode.swift; path = CountryView.swift; sourceTree = "<group>"; };
		6BE6749823F00C7700102673 /* VisitPeriod.swift */ = {isa = PBXFileReference; fileEncoding = 4; lastKnownFileType = sourcecode.swift; path = VisitPeriod.swift; sourceTree = "<group>"; };
		6BF5BF852402C0FC0038AD9E /* LoadingViewState.swift */ = {isa = PBXFileReference; lastKnownFileType = sourcecode.swift; path = LoadingViewState.swift; sourceTree = "<group>"; };
		6BF5BF872402C2290038AD9E /* InitializationController.swift */ = {isa = PBXFileReference; lastKnownFileType = sourcecode.swift; path = InitializationController.swift; sourceTree = "<group>"; };
		6BF5BF892402F2B60038AD9E /* CountriesHeatView.swift */ = {isa = PBXFileReference; lastKnownFileType = sourcecode.swift; path = CountriesHeatView.swift; sourceTree = "<group>"; };
		6BF5BF8B2402F3A30038AD9E /* CitiesHeatView.swift */ = {isa = PBXFileReference; lastKnownFileType = sourcecode.swift; path = CitiesHeatView.swift; sourceTree = "<group>"; };
		6BF5BF8D2402F4090038AD9E /* ContinentsHeatView.swift */ = {isa = PBXFileReference; lastKnownFileType = sourcecode.swift; path = ContinentsHeatView.swift; sourceTree = "<group>"; };
		6BF5BF8F2402F4AE0038AD9E /* TimezoneHeatView.swift */ = {isa = PBXFileReference; lastKnownFileType = sourcecode.swift; path = TimezoneHeatView.swift; sourceTree = "<group>"; };
		6BF5BF912402FB780038AD9E /* CountryListItemView.swift */ = {isa = PBXFileReference; lastKnownFileType = sourcecode.swift; path = CountryListItemView.swift; sourceTree = "<group>"; };
		6BF5BF93240304AB0038AD9E /* ContinentListItemView.swift */ = {isa = PBXFileReference; lastKnownFileType = sourcecode.swift; path = ContinentListItemView.swift; sourceTree = "<group>"; };
		6BF5BF95240305390038AD9E /* CityListItemView.swift */ = {isa = PBXFileReference; lastKnownFileType = sourcecode.swift; path = CityListItemView.swift; sourceTree = "<group>"; };
		6BF5BF97240306CB0038AD9E /* TimezoneListItemView.swift */ = {isa = PBXFileReference; lastKnownFileType = sourcecode.swift; path = TimezoneListItemView.swift; sourceTree = "<group>"; };
		6BFA74C12446350A004139EA /* seen_areas.csv */ = {isa = PBXFileReference; fileEncoding = 4; lastKnownFileType = text; path = seen_areas.csv; sourceTree = "<group>"; };
		6BFB19BE2A9088E20035594B /* CountryPolygon.swift */ = {isa = PBXFileReference; lastKnownFileType = sourcecode.swift; path = CountryPolygon.swift; sourceTree = "<group>"; };
		6BFB19C02A9097420035594B /* ZoomType.swift */ = {isa = PBXFileReference; lastKnownFileType = sourcecode.swift; path = ZoomType.swift; sourceTree = "<group>"; };
/* End PBXFileReference section */

/* Begin PBXFrameworksBuildPhase section */
		6B521D0723B74C7A00570CF2 /* Frameworks */ = {
			isa = PBXFrameworksBuildPhase;
			buildActionMask = 2147483647;
			files = (
				6BFB19BD2A90866E0035594B /* GEOSwiftMapKit in Frameworks */,
				6B24392F2A8AAF84006A126A /* SQLite in Frameworks */,
				6B24392C2A8AAF4B006A126A /* GEOSwift in Frameworks */,
				6B2439292A8AAF24006A126A /* SwiftCSV in Frameworks */,
			);
			runOnlyForDeploymentPostprocessing = 0;
		};
		6B521D1D23B74C7F00570CF2 /* Frameworks */ = {
			isa = PBXFrameworksBuildPhase;
			buildActionMask = 2147483647;
			files = (
			);
			runOnlyForDeploymentPostprocessing = 0;
		};
		6B521D2823B74C7F00570CF2 /* Frameworks */ = {
			isa = PBXFrameworksBuildPhase;
			buildActionMask = 2147483647;
			files = (
			);
			runOnlyForDeploymentPostprocessing = 0;
		};
/* End PBXFrameworksBuildPhase section */

/* Begin PBXGroup section */
		6B1D517C278A1E7B009D6B07 /* Charts */ = {
			isa = PBXGroup;
			children = (
				6B1D517D278A1E8F009D6B07 /* CountriesBarChartView.swift */,
				6B1D517F278A1FD2009D6B07 /* CitiesBarChartView.swift */,
				6B1D5181278A20AA009D6B07 /* ContinentsBarChartView.swift */,
				6B1D5183278A20EE009D6B07 /* TimezonesBarChartView.swift */,
			);
			path = Charts;
			sourceTree = "<group>";
		};
		6B20F13524CEF7DE00ED5766 /* Services */ = {
			isa = PBXGroup;
			children = (
				6B20F13624CEF80B00ED5766 /* TextInfoGenerator.swift */,
			);
			path = Services;
			sourceTree = "<group>";
		};
		6B2439302A8D5C78006A126A /* Maps */ = {
			isa = PBXGroup;
			children = (
				6B2439312A8D5C93006A126A /* DrawablesMapView.swift */,
				6BFB19BE2A9088E20035594B /* CountryPolygon.swift */,
				6BFB19C02A9097420035594B /* ZoomType.swift */,
				6B35C28F2A9A3C200037DC51 /* PlacesMapView.swift */,
			);
			path = Maps;
			sourceTree = "<group>";
		};
		6B521D0123B74C7A00570CF2 = {
			isa = PBXGroup;
			children = (
				6B521D0C23B74C7A00570CF2 /* seelog */,
				6B521D2323B74C7F00570CF2 /* seelogTests */,
				6B521D2E23B74C7F00570CF2 /* seelogUITests */,
				6B521D0B23B74C7A00570CF2 /* Products */,
				6BFB19BB2A90866E0035594B /* Frameworks */,
			);
			sourceTree = "<group>";
		};
		6B521D0B23B74C7A00570CF2 /* Products */ = {
			isa = PBXGroup;
			children = (
				6B521D0A23B74C7A00570CF2 /* Seelog.app */,
				6B521D2023B74C7F00570CF2 /* seelogTests.xctest */,
				6B521D2B23B74C7F00570CF2 /* seelogUITests.xctest */,
			);
			name = Products;
			sourceTree = "<group>";
		};
		6B521D0C23B74C7A00570CF2 /* seelog */ = {
			isa = PBXGroup;
			children = (
				6B66828A24D48CEB00E1EECE /* Seelog.entitlements */,
				6B20F13524CEF7DE00ED5766 /* Services */,
				6B660E0F23BE76C3000CD3BB /* DemoData */,
				6B660E0623BD2E00000CD3BB /* Views */,
				6B521DC423BCFD4900570CF2 /* Helpers */,
				6B521D6223BCFCBD00570CF2 /* Models */,
				6B521D6123BCFCAE00570CF2 /* Initialization */,
				6B521D0D23B74C7A00570CF2 /* AppDelegate.swift */,
				6B521D0F23B74C7A00570CF2 /* SceneDelegate.swift */,
				6B521DC523BCFDF500570CF2 /* seelog.xcdatamodeld */,
				6B660E1823CB30FA000CD3BB /* generated.sqlite */,
				6B521D1323B74C7F00570CF2 /* Assets.xcassets */,
				6B521D1823B74C7F00570CF2 /* LaunchScreen.storyboard */,
				6B521D1B23B74C7F00570CF2 /* Info.plist */,
				6B521D1523B74C7F00570CF2 /* Preview Content */,
			);
			path = seelog;
			sourceTree = "<group>";
		};
		6B521D1523B74C7F00570CF2 /* Preview Content */ = {
			isa = PBXGroup;
			children = (
				6B521D1623B74C7F00570CF2 /* Preview Assets.xcassets */,
			);
			path = "Preview Content";
			sourceTree = "<group>";
		};
		6B521D2323B74C7F00570CF2 /* seelogTests */ = {
			isa = PBXGroup;
			children = (
				6B521D2423B74C7F00570CF2 /* seelogTests.swift */,
				6B521D2623B74C7F00570CF2 /* Info.plist */,
			);
			path = seelogTests;
			sourceTree = "<group>";
		};
		6B521D2E23B74C7F00570CF2 /* seelogUITests */ = {
			isa = PBXGroup;
			children = (
				6B521D2F23B74C7F00570CF2 /* seelogUITests.swift */,
				6B521D3123B74C7F00570CF2 /* Info.plist */,
			);
			path = seelogUITests;
			sourceTree = "<group>";
		};
		6B521D6123BCFCAE00570CF2 /* Initialization */ = {
			isa = PBXGroup;
			children = (
				6B521D5223BCFC9900570CF2 /* DatabaseCreator.swift */,
				6B521D5423BCFC9900570CF2 /* DatabaseInitializer.swift */,
				6B521D4D23BCFC9800570CF2 /* PhotoInfo.swift */,
				6B521D4B23BCFC9800570CF2 /* VisitPeriodUpdater.swift */,
				6B521D5123BCFC9900570CF2 /* SeenAreaUpdater.swift */,
				6BF5BF872402C2290038AD9E /* InitializationController.swift */,
			);
			path = Initialization;
			sourceTree = "<group>";
		};
		6B521D6223BCFCBD00570CF2 /* Models */ = {
			isa = PBXGroup;
			children = (
				6BCBE70D23F0827200DBC9D7 /* City.swift */,
				6B521D6523BCFCCB00570CF2 /* CityInfo.swift */,
				6B521D6623BCFCCB00570CF2 /* CompleteHistoryPurchase.swift */,
				6BCBE70923F081FE00DBC9D7 /* Continent.swift */,
				6B521D6323BCFCCB00570CF2 /* ContinentInfo.swift */,
				6BCBE6FF23F07E0400DBC9D7 /* Country.swift */,
				6B521D6F23BCFCCB00570CF2 /* CountryInfo.swift */,
				6B660E1623CB24EA000CD3BB /* DomainModel.swift */,
				6B521D6E23BCFCCB00570CF2 /* GeoDatabase.swift */,
				6B521D6A23BCFCCB00570CF2 /* Photo.swift */,
				6BCBE6FD23F0719200DBC9D7 /* SeenArea.swift */,
				6BCBE70F23F0934500DBC9D7 /* SeenGeometry.swift */,
				6BCBE70723F0819E00DBC9D7 /* Region.swift */,
				6B521D6B23BCFCCB00570CF2 /* StateInfo.swift */,
				6B521D6D23BCFCCB00570CF2 /* StatsProvider.swift */,
				6BCBE70B23F0823A00DBC9D7 /* Timezone.swift */,
				6B521D6723BCFCCB00570CF2 /* TimezoneInfo.swift */,
				6BCBE70123F07E1C00DBC9D7 /* Trip.swift */,
				6BCBE70523F07FB900DBC9D7 /* Trippable.swift */,
				6BE6749823F00C7700102673 /* VisitPeriod.swift */,
				6BCBE70323F07E5A00DBC9D7 /* Year.swift */,
				6BB193EE24026B13008BEFDD /* World.swift */,
				6B5F97BE24139C4300624419 /* GeometryDescription.swift */,
				6B20F13324CEF71400ED5766 /* TextInfo.swift */,
				6B35C2912A9A50090037DC51 /* ModelCache.swift */,
				6B35C2932A9A59280037DC51 /* Drawable.swift */,
			);
			path = Models;
			sourceTree = "<group>";
		};
		6B521DC423BCFD4900570CF2 /* Helpers */ = {
			isa = PBXGroup;
			children = (
				6B521DAE23BCFD4100570CF2 /* BlockingQueue.swift */,
				6B521DB723BCFD4100570CF2 /* ConcurrentArray.swift */,
				6B521DB123BCFD4100570CF2 /* CountryCodeMappings.swift */,
				6B521DB523BCFD4100570CF2 /* Date.swift */,
				6B521DB623BCFD4100570CF2 /* Geohash.swift */,
				6B521DB823BCFD4200570CF2 /* Helpers.swift */,
				6B521DAF23BCFD4100570CF2 /* IAPHelper.swift */,
				6B521DB223BCFD4100570CF2 /* synchronize.swift */,
				6B521DB323BCFD4100570CF2 /* VisitPeriodManager.swift */,
				6B8F6F8B244C3CE100402F4F /* ChartColorTemplates.swift */,
				6B6B5972244CB66900E52D9D /* SphericalMercator.swift */,
			);
			path = Helpers;
			sourceTree = "<group>";
		};
		6B660E0623BD2E00000CD3BB /* Views */ = {
			isa = PBXGroup;
			children = (
				6B2439302A8D5C78006A126A /* Maps */,
				6B1D517C278A1E7B009D6B07 /* Charts */,
				6B5F97C02413B5F000624419 /* BadgeView.swift */,
				6B660E3523CB7CD7000CD3BB /* BarChartView.swift */,
				6B521D3F23B7571C00570CF2 /* CircleImage.swift */,
				6BF5BF8B2402F3A30038AD9E /* CitiesHeatView.swift */,
				6BB193F424026EB4008BEFDD /* CitiesListView.swift */,
				6B660E0923BE636D000CD3BB /* CitiesView.swift */,
				6BF5BF95240305390038AD9E /* CityListItemView.swift */,
				6BB193EA24026330008BEFDD /* CityView.swift */,
				6B521D1123B74C7A00570CF2 /* ContentView.swift */,
				6BF5BF93240304AB0038AD9E /* ContinentListItemView.swift */,
				6BF5BF8D2402F4090038AD9E /* ContinentsHeatView.swift */,
				6B660E0B23BE6388000CD3BB /* ContinentsView.swift */,
				6BB193E62401C276008BEFDD /* ContinentView.swift */,
				6BF5BF892402F2B60038AD9E /* CountriesHeatView.swift */,
				6B50C19F240BEE480090B578 /* CountriesListView.swift */,
				6B5CC36C23F9543700628C7F /* CountriesView.swift */,
				6BF5BF912402FB780038AD9E /* CountryListItemView.swift */,
				6BE6749623EF049200102673 /* CountryView.swift */,
				6B660E0723BE62D7000CD3BB /* LoadingView.swift */,
				6BF5BF852402C0FC0038AD9E /* LoadingViewState.swift */,
				6B5CC36E23F95E7900628C7F /* MainView.swift */,
				6B5CC37023F97FAC00628C7F /* PolygonView.swift */,
				6B50C1A3240BF8FF0090B578 /* StateListItemView.swift */,
				6BB193F624026F79008BEFDD /* StatesListView.swift */,
				6BB193F224026D55008BEFDD /* StateView.swift */,
				6BB193F024026C14008BEFDD /* StayDurationBarChartView.swift */,
				6BF5BF8F2402F4AE0038AD9E /* TimezoneHeatView.swift */,
				6BF5BF97240306CB0038AD9E /* TimezoneListItemView.swift */,
				6B660E0D23BE63A0000CD3BB /* TimezonesView.swift */,
				6BB193E82401C77A008BEFDD /* TimezoneView.swift */,
				6BB193EC2402656E008BEFDD /* TripsListView.swift */,
				6B521D6823BCFCCB00570CF2 /* ViewState.swift */,
				6B50C1A1240BF0690090B578 /* WorldView.swift */,
				6B5F97C22413E06900624419 /* CountryBadgeView.swift */,
				6B20F12D24CD7FA500ED5766 /* TextPresentationView.swift */,
				6B20F12F24CD824B00ED5766 /* LogbookView.swift */,
				6B20F13824CEF9D400ED5766 /* TextInfoView.swift */,
				6B04671024D1FE83009892AF /* SelectedYearState.swift */,
				6B35C2952A9A9AE10037DC51 /* PlacesView.swift */,
			);
			path = Views;
			sourceTree = "<group>";
		};
		6B660E0F23BE76C3000CD3BB /* DemoData */ = {
			isa = PBXGroup;
			children = (
				6B660E1423BE7702000CD3BB /* seelog.sqlite */,
				6B660E1523BE7702000CD3BB /* seelog.sqlite-shm */,
				6BE6749223EEBD0C00102673 /* visit_periods.csv */,
				6BFA74C12446350A004139EA /* seen_areas.csv */,
				6B660E1323BE7702000CD3BB /* seelog.sqlite-wal */,
			);
			path = DemoData;
			sourceTree = "<group>";
		};
		6BFB19BB2A90866E0035594B /* Frameworks */ = {
			isa = PBXGroup;
			children = (
			);
			name = Frameworks;
			sourceTree = "<group>";
		};
/* End PBXGroup section */

/* Begin PBXNativeTarget section */
		6B521D0923B74C7A00570CF2 /* seelog */ = {
			isa = PBXNativeTarget;
			buildConfigurationList = 6B521D3423B74C7F00570CF2 /* Build configuration list for PBXNativeTarget "seelog" */;
			buildPhases = (
				6B521D0623B74C7A00570CF2 /* Sources */,
				6B521D0723B74C7A00570CF2 /* Frameworks */,
				6B521D0823B74C7A00570CF2 /* Resources */,
			);
			buildRules = (
			);
			dependencies = (
			);
			name = seelog;
			packageProductDependencies = (
				6B2439282A8AAF24006A126A /* SwiftCSV */,
				6B24392B2A8AAF4B006A126A /* GEOSwift */,
				6B24392E2A8AAF84006A126A /* SQLite */,
				6BFB19BC2A90866E0035594B /* GEOSwiftMapKit */,
			);
			productName = seelog;
			productReference = 6B521D0A23B74C7A00570CF2 /* Seelog.app */;
			productType = "com.apple.product-type.application";
		};
		6B521D1F23B74C7F00570CF2 /* seelogTests */ = {
			isa = PBXNativeTarget;
			buildConfigurationList = 6B521D3723B74C7F00570CF2 /* Build configuration list for PBXNativeTarget "seelogTests" */;
			buildPhases = (
				6B521D1C23B74C7F00570CF2 /* Sources */,
				6B521D1D23B74C7F00570CF2 /* Frameworks */,
				6B521D1E23B74C7F00570CF2 /* Resources */,
			);
			buildRules = (
			);
			dependencies = (
				6B521D2223B74C7F00570CF2 /* PBXTargetDependency */,
			);
			name = seelogTests;
			productName = seelogTests;
			productReference = 6B521D2023B74C7F00570CF2 /* seelogTests.xctest */;
			productType = "com.apple.product-type.bundle.unit-test";
		};
		6B521D2A23B74C7F00570CF2 /* seelogUITests */ = {
			isa = PBXNativeTarget;
			buildConfigurationList = 6B521D3A23B74C7F00570CF2 /* Build configuration list for PBXNativeTarget "seelogUITests" */;
			buildPhases = (
				6B521D2723B74C7F00570CF2 /* Sources */,
				6B521D2823B74C7F00570CF2 /* Frameworks */,
				6B521D2923B74C7F00570CF2 /* Resources */,
			);
			buildRules = (
			);
			dependencies = (
				6B521D2D23B74C7F00570CF2 /* PBXTargetDependency */,
			);
			name = seelogUITests;
			productName = seelogUITests;
			productReference = 6B521D2B23B74C7F00570CF2 /* seelogUITests.xctest */;
			productType = "com.apple.product-type.bundle.ui-testing";
		};
/* End PBXNativeTarget section */

/* Begin PBXProject section */
		6B521D0223B74C7A00570CF2 /* Project object */ = {
			isa = PBXProject;
			attributes = {
				BuildIndependentTargetsInParallel = YES;
				LastSwiftUpdateCheck = 1130;
				LastUpgradeCheck = 1500;
				ORGANIZATIONNAME = "Matus Tomlein";
				TargetAttributes = {
					6B521D0923B74C7A00570CF2 = {
						CreatedOnToolsVersion = 11.3;
					};
					6B521D1F23B74C7F00570CF2 = {
						CreatedOnToolsVersion = 11.3;
						TestTargetID = 6B521D0923B74C7A00570CF2;
					};
					6B521D2A23B74C7F00570CF2 = {
						CreatedOnToolsVersion = 11.3;
						TestTargetID = 6B521D0923B74C7A00570CF2;
					};
				};
			};
			buildConfigurationList = 6B521D0523B74C7A00570CF2 /* Build configuration list for PBXProject "seelog" */;
			compatibilityVersion = "Xcode 9.3";
			developmentRegion = en;
			hasScannedForEncodings = 0;
			knownRegions = (
				en,
				Base,
			);
			mainGroup = 6B521D0123B74C7A00570CF2;
			packageReferences = (
				6B2439272A8AAF24006A126A /* XCRemoteSwiftPackageReference "SwiftCSV" */,
				6B24392A2A8AAF4B006A126A /* XCRemoteSwiftPackageReference "GEOSwift" */,
				6B24392D2A8AAF84006A126A /* XCRemoteSwiftPackageReference "SQLite.swift" */,
				6BFB19BA2A9083600035594B /* XCRemoteSwiftPackageReference "GEOSwiftMapKit" */,
			);
			productRefGroup = 6B521D0B23B74C7A00570CF2 /* Products */;
			projectDirPath = "";
			projectRoot = "";
			targets = (
				6B521D0923B74C7A00570CF2 /* seelog */,
				6B521D1F23B74C7F00570CF2 /* seelogTests */,
				6B521D2A23B74C7F00570CF2 /* seelogUITests */,
			);
		};
/* End PBXProject section */

/* Begin PBXResourcesBuildPhase section */
		6B521D0823B74C7A00570CF2 /* Resources */ = {
			isa = PBXResourcesBuildPhase;
			buildActionMask = 2147483647;
			files = (
				6B521D1A23B74C7F00570CF2 /* LaunchScreen.storyboard in Resources */,
				6B521D1723B74C7F00570CF2 /* Preview Assets.xcassets in Resources */,
				6BE6749323EEBD0C00102673 /* visit_periods.csv in Resources */,
				6B521D1423B74C7F00570CF2 /* Assets.xcassets in Resources */,
				6BFA74C22446350A004139EA /* seen_areas.csv in Resources */,
				6B660E1923CB30FA000CD3BB /* generated.sqlite in Resources */,
			);
			runOnlyForDeploymentPostprocessing = 0;
		};
		6B521D1E23B74C7F00570CF2 /* Resources */ = {
			isa = PBXResourcesBuildPhase;
			buildActionMask = 2147483647;
			files = (
				6B660E1A23CB30FA000CD3BB /* generated.sqlite in Resources */,
				6BE6749523EEBD1200102673 /* visit_periods.csv in Resources */,
			);
			runOnlyForDeploymentPostprocessing = 0;
		};
		6B521D2923B74C7F00570CF2 /* Resources */ = {
			isa = PBXResourcesBuildPhase;
			buildActionMask = 2147483647;
			files = (
				6B660E1B23CB30FA000CD3BB /* generated.sqlite in Resources */,
				6BE6749423EEBD1100102673 /* visit_periods.csv in Resources */,
			);
			runOnlyForDeploymentPostprocessing = 0;
		};
/* End PBXResourcesBuildPhase section */

/* Begin PBXSourcesBuildPhase section */
		6B521D0623B74C7A00570CF2 /* Sources */ = {
			isa = PBXSourcesBuildPhase;
			buildActionMask = 2147483647;
			files = (
				6BB193EF24026B13008BEFDD /* World.swift in Sources */,
				6BCBE70223F07E1C00DBC9D7 /* Trip.swift in Sources */,
				6B521D7723BCFCCB00570CF2 /* Photo.swift in Sources */,
				6B660E1723CB24EA000CD3BB /* DomainModel.swift in Sources */,
				6B50C1A0240BEE480090B578 /* CountriesListView.swift in Sources */,
				6B521D7023BCFCCB00570CF2 /* ContinentInfo.swift in Sources */,
				6BCBE70C23F0823A00DBC9D7 /* Timezone.swift in Sources */,
				6BF5BF94240304AB0038AD9E /* ContinentListItemView.swift in Sources */,
				6B35C2922A9A50090037DC51 /* ModelCache.swift in Sources */,
				6B521D5F23BCFC9900570CF2 /* DatabaseInitializer.swift in Sources */,
				6B8F6F8C244C3CE100402F4F /* ChartColorTemplates.swift in Sources */,
				6BB193F724026F79008BEFDD /* StatesListView.swift in Sources */,
				6BE6749723EF049200102673 /* CountryView.swift in Sources */,
				6B521D7823BCFCCB00570CF2 /* StateInfo.swift in Sources */,
				6B5CC37123F97FAC00628C7F /* PolygonView.swift in Sources */,
				6B5F97BF24139C4300624419 /* GeometryDescription.swift in Sources */,
				6B660E0823BE62D7000CD3BB /* LoadingView.swift in Sources */,
				6BF5BF882402C2290038AD9E /* InitializationController.swift in Sources */,
				6BB193E72401C276008BEFDD /* ContinentView.swift in Sources */,
				6B521DC023BCFD4200570CF2 /* Date.swift in Sources */,
				6B1D5184278A20EE009D6B07 /* TimezonesBarChartView.swift in Sources */,
				6B35C2942A9A59280037DC51 /* Drawable.swift in Sources */,
				6B2439322A8D5C93006A126A /* DrawablesMapView.swift in Sources */,
				6BB193E92401C77A008BEFDD /* TimezoneView.swift in Sources */,
				6B5CC36F23F95E7900628C7F /* MainView.swift in Sources */,
				6B521DB923BCFD4200570CF2 /* BlockingQueue.swift in Sources */,
				6B521DBE23BCFD4200570CF2 /* VisitPeriodManager.swift in Sources */,
				6BB193F124026C14008BEFDD /* StayDurationBarChartView.swift in Sources */,
				6B20F13724CEF80B00ED5766 /* TextInfoGenerator.swift in Sources */,
				6B521D5823BCFC9900570CF2 /* PhotoInfo.swift in Sources */,
				6BB193ED2402656E008BEFDD /* TripsListView.swift in Sources */,
				6B5CC36D23F9543700628C7F /* CountriesView.swift in Sources */,
				6BCBE70423F07E5A00DBC9D7 /* Year.swift in Sources */,
				6B660E0C23BE6388000CD3BB /* ContinentsView.swift in Sources */,
				6B5F97C12413B5F000624419 /* BadgeView.swift in Sources */,
				6B660E0A23BE636D000CD3BB /* CitiesView.swift in Sources */,
				6B521D0E23B74C7A00570CF2 /* AppDelegate.swift in Sources */,
				6B20F12E24CD7FA500ED5766 /* TextPresentationView.swift in Sources */,
				6B660E3623CB7CD7000CD3BB /* BarChartView.swift in Sources */,
				6BCBE70A23F081FE00DBC9D7 /* Continent.swift in Sources */,
				6BF5BF98240306CB0038AD9E /* TimezoneListItemView.swift in Sources */,
				6BCBE6FE23F0719200DBC9D7 /* SeenArea.swift in Sources */,
				6B521D5D23BCFC9900570CF2 /* DatabaseCreator.swift in Sources */,
				6BFB19BF2A9088E20035594B /* CountryPolygon.swift in Sources */,
				6B20F13424CEF71500ED5766 /* TextInfo.swift in Sources */,
				6B521D7523BCFCCB00570CF2 /* ViewState.swift in Sources */,
				6BFB19C12A9097420035594B /* ZoomType.swift in Sources */,
				6B521DBC23BCFD4200570CF2 /* CountryCodeMappings.swift in Sources */,
				6BCBE70823F0819E00DBC9D7 /* Region.swift in Sources */,
				6BB193F524026EB4008BEFDD /* CitiesListView.swift in Sources */,
				6BB193F324026D55008BEFDD /* StateView.swift in Sources */,
				6B521D7423BCFCCB00570CF2 /* TimezoneInfo.swift in Sources */,
				6BCBE70E23F0827200DBC9D7 /* City.swift in Sources */,
				6B521D5623BCFC9900570CF2 /* VisitPeriodUpdater.swift in Sources */,
				6BCBE70623F07FB900DBC9D7 /* Trippable.swift in Sources */,
				6BF5BF902402F4AE0038AD9E /* TimezoneHeatView.swift in Sources */,
				6B6B5973244CB66A00E52D9D /* SphericalMercator.swift in Sources */,
				6B521DC223BCFD4200570CF2 /* ConcurrentArray.swift in Sources */,
				6B521D1023B74C7A00570CF2 /* SceneDelegate.swift in Sources */,
				6B35C2902A9A3C200037DC51 /* PlacesMapView.swift in Sources */,
				6B521D7A23BCFCCB00570CF2 /* StatsProvider.swift in Sources */,
				6B1D5180278A1FD2009D6B07 /* CitiesBarChartView.swift in Sources */,
				6BF5BF8C2402F3A30038AD9E /* CitiesHeatView.swift in Sources */,
				6B1D5182278A20AA009D6B07 /* ContinentsBarChartView.swift in Sources */,
				6BCBE70023F07E0400DBC9D7 /* Country.swift in Sources */,
				6B521DBD23BCFD4200570CF2 /* synchronize.swift in Sources */,
				6B521D7223BCFCCB00570CF2 /* CityInfo.swift in Sources */,
				6B20F13924CEF9D400ED5766 /* TextInfoView.swift in Sources */,
				6BE6749923F00C7700102673 /* VisitPeriod.swift in Sources */,
				6B521D7C23BCFCCB00570CF2 /* CountryInfo.swift in Sources */,
				6B521DC323BCFD4200570CF2 /* Helpers.swift in Sources */,
				6BF5BF862402C0FC0038AD9E /* LoadingViewState.swift in Sources */,
				6BF5BF8E2402F4090038AD9E /* ContinentsHeatView.swift in Sources */,
				6BF5BF8A2402F2B60038AD9E /* CountriesHeatView.swift in Sources */,
				6B04671124D1FE83009892AF /* SelectedYearState.swift in Sources */,
				6B50C1A2240BF0690090B578 /* WorldView.swift in Sources */,
				6B660E0E23BE63A0000CD3BB /* TimezonesView.swift in Sources */,
				6BF5BF922402FB780038AD9E /* CountryListItemView.swift in Sources */,
				6B521DBA23BCFD4200570CF2 /* IAPHelper.swift in Sources */,
				6BF5BF96240305390038AD9E /* CityListItemView.swift in Sources */,
				6B35C2962A9A9AE10037DC51 /* PlacesView.swift in Sources */,
				6B521D7323BCFCCB00570CF2 /* CompleteHistoryPurchase.swift in Sources */,
				6B521D7B23BCFCCB00570CF2 /* GeoDatabase.swift in Sources */,
				6B20F13024CD824B00ED5766 /* LogbookView.swift in Sources */,
				6B5F97C32413E06A00624419 /* CountryBadgeView.swift in Sources */,
				6BB193EB24026330008BEFDD /* CityView.swift in Sources */,
				6B1D517E278A1E8F009D6B07 /* CountriesBarChartView.swift in Sources */,
				6B521D1223B74C7A00570CF2 /* ContentView.swift in Sources */,
				6B521DC123BCFD4200570CF2 /* Geohash.swift in Sources */,
				6B521D4023B7571C00570CF2 /* CircleImage.swift in Sources */,
				6B521DC723BCFDF500570CF2 /* seelog.xcdatamodeld in Sources */,
				6B521D5C23BCFC9900570CF2 /* SeenAreaUpdater.swift in Sources */,
				6BCBE71023F0934500DBC9D7 /* SeenGeometry.swift in Sources */,
				6B50C1A4240BF8FF0090B578 /* StateListItemView.swift in Sources */,
			);
			runOnlyForDeploymentPostprocessing = 0;
		};
		6B521D1C23B74C7F00570CF2 /* Sources */ = {
			isa = PBXSourcesBuildPhase;
			buildActionMask = 2147483647;
			files = (
				6B521D2523B74C7F00570CF2 /* seelogTests.swift in Sources */,
			);
			runOnlyForDeploymentPostprocessing = 0;
		};
		6B521D2723B74C7F00570CF2 /* Sources */ = {
			isa = PBXSourcesBuildPhase;
			buildActionMask = 2147483647;
			files = (
				6B521D3023B74C7F00570CF2 /* seelogUITests.swift in Sources */,
			);
			runOnlyForDeploymentPostprocessing = 0;
		};
/* End PBXSourcesBuildPhase section */

/* Begin PBXTargetDependency section */
		6B521D2223B74C7F00570CF2 /* PBXTargetDependency */ = {
			isa = PBXTargetDependency;
			target = 6B521D0923B74C7A00570CF2 /* seelog */;
			targetProxy = 6B521D2123B74C7F00570CF2 /* PBXContainerItemProxy */;
		};
		6B521D2D23B74C7F00570CF2 /* PBXTargetDependency */ = {
			isa = PBXTargetDependency;
			target = 6B521D0923B74C7A00570CF2 /* seelog */;
			targetProxy = 6B521D2C23B74C7F00570CF2 /* PBXContainerItemProxy */;
		};
/* End PBXTargetDependency section */

/* Begin PBXVariantGroup section */
		6B521D1823B74C7F00570CF2 /* LaunchScreen.storyboard */ = {
			isa = PBXVariantGroup;
			children = (
				6B521D1923B74C7F00570CF2 /* Base */,
			);
			name = LaunchScreen.storyboard;
			sourceTree = "<group>";
		};
/* End PBXVariantGroup section */

/* Begin XCBuildConfiguration section */
		6B521D3223B74C7F00570CF2 /* Debug */ = {
			isa = XCBuildConfiguration;
			buildSettings = {
				ALWAYS_SEARCH_USER_PATHS = NO;
				ASSETCATALOG_COMPILER_GENERATE_SWIFT_ASSET_SYMBOL_EXTENSIONS = YES;
				CLANG_ANALYZER_NONNULL = YES;
				CLANG_ANALYZER_NUMBER_OBJECT_CONVERSION = YES_AGGRESSIVE;
				CLANG_CXX_LANGUAGE_STANDARD = "gnu++14";
				CLANG_CXX_LIBRARY = "libc++";
				CLANG_ENABLE_MODULES = YES;
				CLANG_ENABLE_OBJC_ARC = YES;
				CLANG_ENABLE_OBJC_WEAK = YES;
				CLANG_WARN_BLOCK_CAPTURE_AUTORELEASING = YES;
				CLANG_WARN_BOOL_CONVERSION = YES;
				CLANG_WARN_COMMA = YES;
				CLANG_WARN_CONSTANT_CONVERSION = YES;
				CLANG_WARN_DEPRECATED_OBJC_IMPLEMENTATIONS = YES;
				CLANG_WARN_DIRECT_OBJC_ISA_USAGE = YES_ERROR;
				CLANG_WARN_DOCUMENTATION_COMMENTS = YES;
				CLANG_WARN_EMPTY_BODY = YES;
				CLANG_WARN_ENUM_CONVERSION = YES;
				CLANG_WARN_INFINITE_RECURSION = YES;
				CLANG_WARN_INT_CONVERSION = YES;
				CLANG_WARN_NON_LITERAL_NULL_CONVERSION = YES;
				CLANG_WARN_OBJC_IMPLICIT_RETAIN_SELF = YES;
				CLANG_WARN_OBJC_LITERAL_CONVERSION = YES;
				CLANG_WARN_OBJC_ROOT_CLASS = YES_ERROR;
				CLANG_WARN_QUOTED_INCLUDE_IN_FRAMEWORK_HEADER = YES;
				CLANG_WARN_RANGE_LOOP_ANALYSIS = YES;
				CLANG_WARN_STRICT_PROTOTYPES = YES;
				CLANG_WARN_SUSPICIOUS_MOVE = YES;
				CLANG_WARN_UNGUARDED_AVAILABILITY = YES_AGGRESSIVE;
				CLANG_WARN_UNREACHABLE_CODE = YES;
				CLANG_WARN__DUPLICATE_METHOD_MATCH = YES;
				COPY_PHASE_STRIP = NO;
				DEBUG_INFORMATION_FORMAT = dwarf;
				ENABLE_STRICT_OBJC_MSGSEND = YES;
				ENABLE_TESTABILITY = YES;
				ENABLE_USER_SCRIPT_SANDBOXING = YES;
				GCC_C_LANGUAGE_STANDARD = gnu11;
				GCC_DYNAMIC_NO_PIC = NO;
				GCC_NO_COMMON_BLOCKS = YES;
				GCC_OPTIMIZATION_LEVEL = 0;
				GCC_PREPROCESSOR_DEFINITIONS = (
					"DEBUG=1",
					"$(inherited)",
				);
				GCC_WARN_64_TO_32_BIT_CONVERSION = YES;
				GCC_WARN_ABOUT_RETURN_TYPE = YES_ERROR;
				GCC_WARN_UNDECLARED_SELECTOR = YES;
				GCC_WARN_UNINITIALIZED_AUTOS = YES_AGGRESSIVE;
				GCC_WARN_UNUSED_FUNCTION = YES;
				GCC_WARN_UNUSED_VARIABLE = YES;
				IPHONEOS_DEPLOYMENT_TARGET = 13.2;
				MTL_ENABLE_DEBUG_INFO = INCLUDE_SOURCE;
				MTL_FAST_MATH = YES;
				ONLY_ACTIVE_ARCH = YES;
				SDKROOT = iphoneos;
				SWIFT_ACTIVE_COMPILATION_CONDITIONS = DEBUG;
				SWIFT_OPTIMIZATION_LEVEL = "-Onone";
			};
			name = Debug;
		};
		6B521D3323B74C7F00570CF2 /* Release */ = {
			isa = XCBuildConfiguration;
			buildSettings = {
				ALWAYS_SEARCH_USER_PATHS = NO;
				ASSETCATALOG_COMPILER_GENERATE_SWIFT_ASSET_SYMBOL_EXTENSIONS = YES;
				CLANG_ANALYZER_NONNULL = YES;
				CLANG_ANALYZER_NUMBER_OBJECT_CONVERSION = YES_AGGRESSIVE;
				CLANG_CXX_LANGUAGE_STANDARD = "gnu++14";
				CLANG_CXX_LIBRARY = "libc++";
				CLANG_ENABLE_MODULES = YES;
				CLANG_ENABLE_OBJC_ARC = YES;
				CLANG_ENABLE_OBJC_WEAK = YES;
				CLANG_WARN_BLOCK_CAPTURE_AUTORELEASING = YES;
				CLANG_WARN_BOOL_CONVERSION = YES;
				CLANG_WARN_COMMA = YES;
				CLANG_WARN_CONSTANT_CONVERSION = YES;
				CLANG_WARN_DEPRECATED_OBJC_IMPLEMENTATIONS = YES;
				CLANG_WARN_DIRECT_OBJC_ISA_USAGE = YES_ERROR;
				CLANG_WARN_DOCUMENTATION_COMMENTS = YES;
				CLANG_WARN_EMPTY_BODY = YES;
				CLANG_WARN_ENUM_CONVERSION = YES;
				CLANG_WARN_INFINITE_RECURSION = YES;
				CLANG_WARN_INT_CONVERSION = YES;
				CLANG_WARN_NON_LITERAL_NULL_CONVERSION = YES;
				CLANG_WARN_OBJC_IMPLICIT_RETAIN_SELF = YES;
				CLANG_WARN_OBJC_LITERAL_CONVERSION = YES;
				CLANG_WARN_OBJC_ROOT_CLASS = YES_ERROR;
				CLANG_WARN_QUOTED_INCLUDE_IN_FRAMEWORK_HEADER = YES;
				CLANG_WARN_RANGE_LOOP_ANALYSIS = YES;
				CLANG_WARN_STRICT_PROTOTYPES = YES;
				CLANG_WARN_SUSPICIOUS_MOVE = YES;
				CLANG_WARN_UNGUARDED_AVAILABILITY = YES_AGGRESSIVE;
				CLANG_WARN_UNREACHABLE_CODE = YES;
				CLANG_WARN__DUPLICATE_METHOD_MATCH = YES;
				COPY_PHASE_STRIP = NO;
				DEBUG_INFORMATION_FORMAT = "dwarf-with-dsym";
				ENABLE_NS_ASSERTIONS = NO;
				ENABLE_STRICT_OBJC_MSGSEND = YES;
				ENABLE_USER_SCRIPT_SANDBOXING = YES;
				GCC_C_LANGUAGE_STANDARD = gnu11;
				GCC_NO_COMMON_BLOCKS = YES;
				GCC_WARN_64_TO_32_BIT_CONVERSION = YES;
				GCC_WARN_ABOUT_RETURN_TYPE = YES_ERROR;
				GCC_WARN_UNDECLARED_SELECTOR = YES;
				GCC_WARN_UNINITIALIZED_AUTOS = YES_AGGRESSIVE;
				GCC_WARN_UNUSED_FUNCTION = YES;
				GCC_WARN_UNUSED_VARIABLE = YES;
				IPHONEOS_DEPLOYMENT_TARGET = 13.2;
				MTL_ENABLE_DEBUG_INFO = NO;
				MTL_FAST_MATH = YES;
				SDKROOT = iphoneos;
				SWIFT_COMPILATION_MODE = wholemodule;
				SWIFT_OPTIMIZATION_LEVEL = "-O";
				VALIDATE_PRODUCT = YES;
			};
			name = Release;
		};
		6B521D3523B74C7F00570CF2 /* Debug */ = {
			isa = XCBuildConfiguration;
			buildSettings = {
				ASSETCATALOG_COMPILER_APPICON_NAME = AppIcon;
				CODE_SIGN_ENTITLEMENTS = seelog/Seelog.entitlements;
				CODE_SIGN_STYLE = Automatic;
				DEVELOPMENT_ASSET_PATHS = "\"seelog/Preview Content\"";
				DEVELOPMENT_TEAM = V487J8L84E;
				ENABLE_PREVIEWS = YES;
				INFOPLIST_FILE = seelog/Info.plist;
				INFOPLIST_PREFIX_HEADER = seelog/InfoPlist.h;
				INFOPLIST_PREPROCESS = YES;
				IPHONEOS_DEPLOYMENT_TARGET = 17.0;
				LD_RUNPATH_SEARCH_PATHS = (
					"$(inherited)",
					"@executable_path/Frameworks",
				);
				MARKETING_VERSION = 2.0;
				PRODUCT_BUNDLE_IDENTIFIER = app.seelog;
				PRODUCT_NAME = Seelog;
				SUPPORTS_MACCATALYST = YES;
				SWIFT_VERSION = 5.0;
				TARGETED_DEVICE_FAMILY = "1,2";
			};
			name = Debug;
		};
		6B521D3623B74C7F00570CF2 /* Release */ = {
			isa = XCBuildConfiguration;
			buildSettings = {
				ASSETCATALOG_COMPILER_APPICON_NAME = AppIcon;
				CODE_SIGN_ENTITLEMENTS = seelog/Seelog.entitlements;
				CODE_SIGN_STYLE = Automatic;
				DEVELOPMENT_ASSET_PATHS = "\"seelog/Preview Content\"";
				DEVELOPMENT_TEAM = V487J8L84E;
				ENABLE_PREVIEWS = YES;
				INFOPLIST_FILE = seelog/Info.plist;
				INFOPLIST_PREFIX_HEADER = seelog/InfoPlist.h;
				INFOPLIST_PREPROCESS = YES;
				IPHONEOS_DEPLOYMENT_TARGET = 17.0;
				LD_RUNPATH_SEARCH_PATHS = (
					"$(inherited)",
					"@executable_path/Frameworks",
				);
				MARKETING_VERSION = 2.0;
				PRODUCT_BUNDLE_IDENTIFIER = app.seelog;
				PRODUCT_NAME = Seelog;
				SUPPORTS_MACCATALYST = YES;
				SWIFT_VERSION = 5.0;
				TARGETED_DEVICE_FAMILY = "1,2";
			};
			name = Release;
		};
		6B521D3823B74C7F00570CF2 /* Debug */ = {
			isa = XCBuildConfiguration;
			buildSettings = {
				ALWAYS_EMBED_SWIFT_STANDARD_LIBRARIES = YES;
				BUNDLE_LOADER = "$(TEST_HOST)";
				CODE_SIGN_STYLE = Automatic;
				DEVELOPMENT_TEAM = V487J8L84E;
				INFOPLIST_FILE = seelogTests/Info.plist;
				IPHONEOS_DEPLOYMENT_TARGET = 13.2;
				LD_RUNPATH_SEARCH_PATHS = (
					"$(inherited)",
					"@executable_path/Frameworks",
					"@loader_path/Frameworks",
				);
				PRODUCT_BUNDLE_IDENTIFIER = app.seelog.seelogTests;
				PRODUCT_NAME = "$(TARGET_NAME)";
				SWIFT_VERSION = 5.0;
				TARGETED_DEVICE_FAMILY = "1,2";
				TEST_HOST = "$(BUILT_PRODUCTS_DIR)/seelog.app/seelog";
			};
			name = Debug;
		};
		6B521D3923B74C7F00570CF2 /* Release */ = {
			isa = XCBuildConfiguration;
			buildSettings = {
				ALWAYS_EMBED_SWIFT_STANDARD_LIBRARIES = YES;
				BUNDLE_LOADER = "$(TEST_HOST)";
				CODE_SIGN_STYLE = Automatic;
				DEVELOPMENT_TEAM = V487J8L84E;
				INFOPLIST_FILE = seelogTests/Info.plist;
				IPHONEOS_DEPLOYMENT_TARGET = 13.2;
				LD_RUNPATH_SEARCH_PATHS = (
					"$(inherited)",
					"@executable_path/Frameworks",
					"@loader_path/Frameworks",
				);
				PRODUCT_BUNDLE_IDENTIFIER = app.seelog.seelogTests;
				PRODUCT_NAME = "$(TARGET_NAME)";
				SWIFT_VERSION = 5.0;
				TARGETED_DEVICE_FAMILY = "1,2";
				TEST_HOST = "$(BUILT_PRODUCTS_DIR)/seelog.app/seelog";
			};
			name = Release;
		};
		6B521D3B23B74C7F00570CF2 /* Debug */ = {
			isa = XCBuildConfiguration;
			buildSettings = {
				ALWAYS_EMBED_SWIFT_STANDARD_LIBRARIES = YES;
				CODE_SIGN_STYLE = Automatic;
				DEVELOPMENT_TEAM = V487J8L84E;
				INFOPLIST_FILE = seelogUITests/Info.plist;
				LD_RUNPATH_SEARCH_PATHS = (
					"$(inherited)",
					"@executable_path/Frameworks",
					"@loader_path/Frameworks",
				);
				PRODUCT_BUNDLE_IDENTIFIER = app.seelog.seelogUITests;
				PRODUCT_NAME = "$(TARGET_NAME)";
				SWIFT_VERSION = 5.0;
				TARGETED_DEVICE_FAMILY = "1,2";
				TEST_TARGET_NAME = seelog;
			};
			name = Debug;
		};
		6B521D3C23B74C7F00570CF2 /* Release */ = {
			isa = XCBuildConfiguration;
			buildSettings = {
				ALWAYS_EMBED_SWIFT_STANDARD_LIBRARIES = YES;
				CODE_SIGN_STYLE = Automatic;
				DEVELOPMENT_TEAM = V487J8L84E;
				INFOPLIST_FILE = seelogUITests/Info.plist;
				LD_RUNPATH_SEARCH_PATHS = (
					"$(inherited)",
					"@executable_path/Frameworks",
					"@loader_path/Frameworks",
				);
				PRODUCT_BUNDLE_IDENTIFIER = app.seelog.seelogUITests;
				PRODUCT_NAME = "$(TARGET_NAME)";
				SWIFT_VERSION = 5.0;
				TARGETED_DEVICE_FAMILY = "1,2";
				TEST_TARGET_NAME = seelog;
			};
			name = Release;
		};
/* End XCBuildConfiguration section */

/* Begin XCConfigurationList section */
		6B521D0523B74C7A00570CF2 /* Build configuration list for PBXProject "seelog" */ = {
			isa = XCConfigurationList;
			buildConfigurations = (
				6B521D3223B74C7F00570CF2 /* Debug */,
				6B521D3323B74C7F00570CF2 /* Release */,
			);
			defaultConfigurationIsVisible = 0;
			defaultConfigurationName = Release;
		};
		6B521D3423B74C7F00570CF2 /* Build configuration list for PBXNativeTarget "seelog" */ = {
			isa = XCConfigurationList;
			buildConfigurations = (
				6B521D3523B74C7F00570CF2 /* Debug */,
				6B521D3623B74C7F00570CF2 /* Release */,
			);
			defaultConfigurationIsVisible = 0;
			defaultConfigurationName = Release;
		};
		6B521D3723B74C7F00570CF2 /* Build configuration list for PBXNativeTarget "seelogTests" */ = {
			isa = XCConfigurationList;
			buildConfigurations = (
				6B521D3823B74C7F00570CF2 /* Debug */,
				6B521D3923B74C7F00570CF2 /* Release */,
			);
			defaultConfigurationIsVisible = 0;
			defaultConfigurationName = Release;
		};
		6B521D3A23B74C7F00570CF2 /* Build configuration list for PBXNativeTarget "seelogUITests" */ = {
			isa = XCConfigurationList;
			buildConfigurations = (
				6B521D3B23B74C7F00570CF2 /* Debug */,
				6B521D3C23B74C7F00570CF2 /* Release */,
			);
			defaultConfigurationIsVisible = 0;
			defaultConfigurationName = Release;
		};
/* End XCConfigurationList section */

/* Begin XCRemoteSwiftPackageReference section */
		6B2439272A8AAF24006A126A /* XCRemoteSwiftPackageReference "SwiftCSV" */ = {
			isa = XCRemoteSwiftPackageReference;
			repositoryURL = "https://github.com/swiftcsv/SwiftCSV.git";
			requirement = {
				kind = upToNextMajorVersion;
				minimumVersion = 0.8.1;
			};
		};
		6B24392A2A8AAF4B006A126A /* XCRemoteSwiftPackageReference "GEOSwift" */ = {
			isa = XCRemoteSwiftPackageReference;
			repositoryURL = "https://github.com/GEOSwift/GEOSwift.git";
			requirement = {
				kind = upToNextMajorVersion;
				minimumVersion = 10.0.0;
			};
		};
		6B24392D2A8AAF84006A126A /* XCRemoteSwiftPackageReference "SQLite.swift" */ = {
			isa = XCRemoteSwiftPackageReference;
			repositoryURL = "https://github.com/stephencelis/SQLite.swift.git";
			requirement = {
				kind = upToNextMajorVersion;
				minimumVersion = 0.14.1;
			};
		};
		6BFB19BA2A9083600035594B /* XCRemoteSwiftPackageReference "GEOSwiftMapKit" */ = {
			isa = XCRemoteSwiftPackageReference;
			repositoryURL = "https://github.com/GEOSwift/GEOSwiftMapKit.git";
			requirement = {
				kind = upToNextMajorVersion;
				minimumVersion = 4.0.0;
			};
		};
/* End XCRemoteSwiftPackageReference section */

/* Begin XCSwiftPackageProductDependency section */
		6B2439282A8AAF24006A126A /* SwiftCSV */ = {
			isa = XCSwiftPackageProductDependency;
			package = 6B2439272A8AAF24006A126A /* XCRemoteSwiftPackageReference "SwiftCSV" */;
			productName = SwiftCSV;
		};
		6B24392B2A8AAF4B006A126A /* GEOSwift */ = {
			isa = XCSwiftPackageProductDependency;
			package = 6B24392A2A8AAF4B006A126A /* XCRemoteSwiftPackageReference "GEOSwift" */;
			productName = GEOSwift;
		};
		6B24392E2A8AAF84006A126A /* SQLite */ = {
			isa = XCSwiftPackageProductDependency;
			package = 6B24392D2A8AAF84006A126A /* XCRemoteSwiftPackageReference "SQLite.swift" */;
			productName = SQLite;
		};
		6BFB19BC2A90866E0035594B /* GEOSwiftMapKit */ = {
			isa = XCSwiftPackageProductDependency;
			package = 6BFB19BA2A9083600035594B /* XCRemoteSwiftPackageReference "GEOSwiftMapKit" */;
			productName = GEOSwiftMapKit;
		};
/* End XCSwiftPackageProductDependency section */

/* Begin XCVersionGroup section */
		6B521DC523BCFDF500570CF2 /* seelog.xcdatamodeld */ = {
			isa = XCVersionGroup;
			children = (
				6B521DC623BCFDF500570CF2 /* seelog.xcdatamodel */,
			);
			currentVersion = 6B521DC623BCFDF500570CF2 /* seelog.xcdatamodel */;
			path = seelog.xcdatamodeld;
			sourceTree = "<group>";
			versionGroupType = wrapper.xcdatamodel;
		};
/* End XCVersionGroup section */
	};
	rootObject = 6B521D0223B74C7A00570CF2 /* Project object */;
}
