// !$*UTF8*$!
{
	archiveVersion = 1;
	classes = {
	};
	objectVersion = 50;
	objects = {

/* Begin PBXBuildFile section */
		036FE228E2D0B1B1294CA39A /* Pods_seelogUITests.framework in Frameworks */ = {isa = PBXBuildFile; fileRef = 85FD6EE0A52036A012C91395 /* Pods_seelogUITests.framework */; };
		263FFAD620D65A5FBC8E57A2 /* Pods_Seelog.framework in Frameworks */ = {isa = PBXBuildFile; fileRef = 04FBDAFC1238F85C39503416 /* Pods_Seelog.framework */; };
		46C076A9D05EB24844896409 /* Pods_seelog.framework in Frameworks */ = {isa = PBXBuildFile; fileRef = 0E0A53248E77E44A7835ED25 /* Pods_seelog.framework */; };
		6BEBD1CE237713FA00EF627D /* ContentSizedTableView.swift in Sources */ = {isa = PBXBuildFile; fileRef = 6BEBD1CD237713FA00EF627D /* ContentSizedTableView.swift */; };
		8305ED4A2182671A00630BD6 /* BarChartDrawer.swift in Sources */ = {isa = PBXBuildFile; fileRef = 8305ED492182671A00630BD6 /* BarChartDrawer.swift */; };
		8305ED4E218451E600630BD6 /* ChartDrawer.swift in Sources */ = {isa = PBXBuildFile; fileRef = 8305ED4D218451E600630BD6 /* ChartDrawer.swift */; };
		830EF11E218AD8F200AEE7A0 /* ReportTableViewCell.swift in Sources */ = {isa = PBXBuildFile; fileRef = 830EF11D218AD8F200AEE7A0 /* ReportTableViewCell.swift */; };
		830EF120218B047A00AEE7A0 /* lands.wkt in Resources */ = {isa = PBXBuildFile; fileRef = 830EF11F218B047A00AEE7A0 /* lands.wkt */; };
		830EF124218CAF5000AEE7A0 /* PlaceTableViewCell.swift in Sources */ = {isa = PBXBuildFile; fileRef = 830EF123218CAF5000AEE7A0 /* PlaceTableViewCell.swift */; };
		830EF126218E040A00AEE7A0 /* YearCountriesUpdater.swift in Sources */ = {isa = PBXBuildFile; fileRef = 830EF125218E040A00AEE7A0 /* YearCountriesUpdater.swift */; };
		830EF128218E056100AEE7A0 /* YearCitiesUpdater.swift in Sources */ = {isa = PBXBuildFile; fileRef = 830EF127218E056100AEE7A0 /* YearCitiesUpdater.swift */; };
		830EF12A218E067A00AEE7A0 /* YearSeenAreaUpdater.swift in Sources */ = {isa = PBXBuildFile; fileRef = 830EF129218E067A00AEE7A0 /* YearSeenAreaUpdater.swift */; };
		830EF12C218E07DB00AEE7A0 /* YearTimezonesUpdater.swift in Sources */ = {isa = PBXBuildFile; fileRef = 830EF12B218E07DB00AEE7A0 /* YearTimezonesUpdater.swift */; };
		830EF12E218E22A900AEE7A0 /* TimezoneInfo.swift in Sources */ = {isa = PBXBuildFile; fileRef = 830EF12D218E22A900AEE7A0 /* TimezoneInfo.swift */; };
		830EF138218F549500AEE7A0 /* HeatmapMapManager.swift in Sources */ = {isa = PBXBuildFile; fileRef = 830EF137218F549500AEE7A0 /* HeatmapMapManager.swift */; };
		830EF13A218F54A300AEE7A0 /* MapManager.swift in Sources */ = {isa = PBXBuildFile; fileRef = 830EF139218F54A300AEE7A0 /* MapManager.swift */; };
		830EF13C218F574500AEE7A0 /* CountriesMapManager.swift in Sources */ = {isa = PBXBuildFile; fileRef = 830EF13B218F574500AEE7A0 /* CountriesMapManager.swift */; };
		830EF13E218F6C4E00AEE7A0 /* CitiesMapManager.swift in Sources */ = {isa = PBXBuildFile; fileRef = 830EF13D218F6C4E00AEE7A0 /* CitiesMapManager.swift */; };
		8312AA9F21B3F07A0012614A /* blank.png in Resources */ = {isa = PBXBuildFile; fileRef = 8312AA9E21B3F07A0012614A /* blank.png */; };
		8312AAA321B5B43E0012614A /* RequestPermissionViewController.swift in Sources */ = {isa = PBXBuildFile; fileRef = 8312AAA221B5B43E0012614A /* RequestPermissionViewController.swift */; };
		8317EA4521A5CC1D006CC144 /* BlockingQueue.swift in Sources */ = {isa = PBXBuildFile; fileRef = 8317EA4421A5CC1D006CC144 /* BlockingQueue.swift */; };
		8317EA4721A5CC47006CC144 /* ConcurrentArray.swift in Sources */ = {isa = PBXBuildFile; fileRef = 8317EA4621A5CC47006CC144 /* ConcurrentArray.swift */; };
		8317EA4921A5CD9A006CC144 /* synchronize.swift in Sources */ = {isa = PBXBuildFile; fileRef = 8317EA4821A5CD9A006CC144 /* synchronize.swift */; };
		83221A8521451FB30055D775 /* generated.sqlite in Resources */ = {isa = PBXBuildFile; fileRef = 83221A8421451FB30055D775 /* generated.sqlite */; };
		83221A87214527EC0055D775 /* GeoDatabase.swift in Sources */ = {isa = PBXBuildFile; fileRef = 83221A86214527EC0055D775 /* GeoDatabase.swift */; };
		83221A8921452BE60055D775 /* Geohash.swift in Sources */ = {isa = PBXBuildFile; fileRef = 83221A8821452BE60055D775 /* Geohash.swift */; };
		83221A8F2145780C0055D775 /* DatabaseInitializer.swift in Sources */ = {isa = PBXBuildFile; fileRef = 83221A8E2145780C0055D775 /* DatabaseInitializer.swift */; };
		832B9A1C215FD1E30098A396 /* CountryCodeMappings.swift in Sources */ = {isa = PBXBuildFile; fileRef = 832B9A1B215FD1E30098A396 /* CountryCodeMappings.swift */; };
		832B9A1E215FD4070098A396 /* AggregatedVisitStats.swift in Sources */ = {isa = PBXBuildFile; fileRef = 832B9A1D215FD4070098A396 /* AggregatedVisitStats.swift */; };
		832B9A20215FD4CD0098A396 /* Year.swift in Sources */ = {isa = PBXBuildFile; fileRef = 832B9A1F215FD4CD0098A396 /* Year.swift */; };
		8335679F2199D95C0081498B /* TimezoneMapManager.swift in Sources */ = {isa = PBXBuildFile; fileRef = 8335679E2199D95C0081498B /* TimezoneMapManager.swift */; };
		833567A1219A047E0081498B /* ContinentsMapManager.swift in Sources */ = {isa = PBXBuildFile; fileRef = 833567A0219A047E0081498B /* ContinentsMapManager.swift */; };
		833567A3219A04B80081498B /* ContinentInfo.swift in Sources */ = {isa = PBXBuildFile; fileRef = 833567A2219A04B80081498B /* ContinentInfo.swift */; };
		833567A521A026160081498B /* YearHeatmapUpdater.swift in Sources */ = {isa = PBXBuildFile; fileRef = 833567A421A026160081498B /* YearHeatmapUpdater.swift */; };
		833567A721A169B20081498B /* YearContinentsUpdater.swift in Sources */ = {isa = PBXBuildFile; fileRef = 833567A621A169B20081498B /* YearContinentsUpdater.swift */; };
		833D321F2189E63A00A5F971 /* img.png in Resources */ = {isa = PBXBuildFile; fileRef = 833D321E2189E63900A5F971 /* img.png */; };
		8343168A2142AD6600784257 /* AppDelegate.swift in Sources */ = {isa = PBXBuildFile; fileRef = 834316892142AD6600784257 /* AppDelegate.swift */; };
		8343168C2142AD6600784257 /* ViewController.swift in Sources */ = {isa = PBXBuildFile; fileRef = 8343168B2142AD6600784257 /* ViewController.swift */; };
		8343168F2142AD6700784257 /* Main.storyboard in Resources */ = {isa = PBXBuildFile; fileRef = 8343168D2142AD6700784257 /* Main.storyboard */; };
		834316922142AD6700784257 /* seelog.xcdatamodeld in Sources */ = {isa = PBXBuildFile; fileRef = 834316902142AD6700784257 /* seelog.xcdatamodeld */; };
		834316942142AD6900784257 /* Assets.xcassets in Resources */ = {isa = PBXBuildFile; fileRef = 834316932142AD6900784257 /* Assets.xcassets */; };
		834316972142AD6900784257 /* LaunchScreen.storyboard in Resources */ = {isa = PBXBuildFile; fileRef = 834316952142AD6900784257 /* LaunchScreen.storyboard */; };
		834316A22142AD6A00784257 /* seelogTests.swift in Sources */ = {isa = PBXBuildFile; fileRef = 834316A12142AD6A00784257 /* seelogTests.swift */; };
		834316AD2142AD6A00784257 /* seelogUITests.swift in Sources */ = {isa = PBXBuildFile; fileRef = 834316AC2142AD6A00784257 /* seelogUITests.swift */; };
		834316BB2142D5FD00784257 /* Photo.swift in Sources */ = {isa = PBXBuildFile; fileRef = 834316BA2142D5FD00784257 /* Photo.swift */; };
		8349435921C8289D0089A585 /* PhotoInfo.swift in Sources */ = {isa = PBXBuildFile; fileRef = 8349435821C8289D0089A585 /* PhotoInfo.swift */; };
		8349435B21C82C110089A585 /* VisitPeriodUpdater.swift in Sources */ = {isa = PBXBuildFile; fileRef = 8349435A21C82C110089A585 /* VisitPeriodUpdater.swift */; };
		8349435D21C82F910089A585 /* VisitPeriod.swift in Sources */ = {isa = PBXBuildFile; fileRef = 8349435C21C82F910089A585 /* VisitPeriod.swift */; };
		8349435F21CE31D90089A585 /* VisitPeriodManager.swift in Sources */ = {isa = PBXBuildFile; fileRef = 8349435E21CE31D90089A585 /* VisitPeriodManager.swift */; };
		8349436121CE353A0089A585 /* VisitPeriodsTableViewManager.swift in Sources */ = {isa = PBXBuildFile; fileRef = 8349436021CE353A0089A585 /* VisitPeriodsTableViewManager.swift */; };
		83571F7F21564ACA001CEEFC /* HistoryChartView.swift in Sources */ = {isa = PBXBuildFile; fileRef = 83571F7E21564ACA001CEEFC /* HistoryChartView.swift */; };
		8358DC5821B1E1D300F38710 /* StatesMapManager.swift in Sources */ = {isa = PBXBuildFile; fileRef = 8358DC5721B1E1D300F38710 /* StatesMapManager.swift */; };
		8358DC5A21B3080000F38710 /* OverlayManager.swift in Sources */ = {isa = PBXBuildFile; fileRef = 8358DC5921B3080000F38710 /* OverlayManager.swift */; };
		835B8057217B44B6001E9B96 /* MainMapViewDelegate.swift in Sources */ = {isa = PBXBuildFile; fileRef = 835B8056217B44B6001E9B96 /* MainMapViewDelegate.swift */; };
		8362041D21B5BAE400A1AB80 /* PermissionDeniedViewController.swift in Sources */ = {isa = PBXBuildFile; fileRef = 8362041C21B5BAE400A1AB80 /* PermissionDeniedViewController.swift */; };
		8362041F21B5C92A00A1AB80 /* StoreKit.framework in Frameworks */ = {isa = PBXBuildFile; fileRef = 8362041E21B5C92A00A1AB80 /* StoreKit.framework */; };
		836F302721937F7600D4FCB3 /* PhotoMapViewer.swift in Sources */ = {isa = PBXBuildFile; fileRef = 836F302621937F7600D4FCB3 /* PhotoMapViewer.swift */; };
		83940628236607840028E4FD /* Date.swift in Sources */ = {isa = PBXBuildFile; fileRef = 83940627236607840028E4FD /* Date.swift */; };
		8394062A236615240028E4FD /* StatsProvider.swift in Sources */ = {isa = PBXBuildFile; fileRef = 83940629236615240028E4FD /* StatsProvider.swift */; };
		839E9DBE21BAEFF7001FC0F1 /* app_icon_no_check.png in Resources */ = {isa = PBXBuildFile; fileRef = 839E9DBD21BAEFF7001FC0F1 /* app_icon_no_check.png */; };
		839E9DC021BAF5B6001FC0F1 /* IAPHelper.swift in Sources */ = {isa = PBXBuildFile; fileRef = 839E9DBF21BAF5B6001FC0F1 /* IAPHelper.swift */; };
		839E9DC221BB0758001FC0F1 /* CompleteHistoryPurchase.swift in Sources */ = {isa = PBXBuildFile; fileRef = 839E9DC121BB0758001FC0F1 /* CompleteHistoryPurchase.swift */; };
		839E9DCE21BBCBEB001FC0F1 /* deselected_lock.png in Resources */ = {isa = PBXBuildFile; fileRef = 839E9DCC21BBCBEB001FC0F1 /* deselected_lock.png */; };
		839E9DCF21BBCBEB001FC0F1 /* selected_lock.png in Resources */ = {isa = PBXBuildFile; fileRef = 839E9DCD21BBCBEB001FC0F1 /* selected_lock.png */; };
		83A8ABCF2173290400203402 /* CityInfo.swift in Sources */ = {isa = PBXBuildFile; fileRef = 83A8ABCE2173290400203402 /* CityInfo.swift */; };
		83A8ABD121733F2600203402 /* CountryInfo.swift in Sources */ = {isa = PBXBuildFile; fileRef = 83A8ABD021733F2600203402 /* CountryInfo.swift */; };
		83A8ABD32173459800203402 /* StateInfo.swift in Sources */ = {isa = PBXBuildFile; fileRef = 83A8ABD22173459800203402 /* StateInfo.swift */; };
		83ACC91621A70A7F00439667 /* GeometryOverlayCreator.swift in Sources */ = {isa = PBXBuildFile; fileRef = 83ACC91521A70A7F00439667 /* GeometryOverlayCreator.swift */; };
		83ACC91921A753DB00439667 /* MapOverlayProperties.swift in Sources */ = {isa = PBXBuildFile; fileRef = 83ACC91821A753DB00439667 /* MapOverlayProperties.swift */; };
		83ACC91B21A753FB00439667 /* MapPolyline.swift in Sources */ = {isa = PBXBuildFile; fileRef = 83ACC91A21A753FB00439667 /* MapPolyline.swift */; };
		83ACC91D21A7541700439667 /* MapPolygon.swift in Sources */ = {isa = PBXBuildFile; fileRef = 83ACC91C21A7541700439667 /* MapPolygon.swift */; };
		83ACC91F21A7542C00439667 /* MapCircle.swift in Sources */ = {isa = PBXBuildFile; fileRef = 83ACC91E21A7542C00439667 /* MapCircle.swift */; };
		83ACC92121A7544500439667 /* ImageOverlay.swift in Sources */ = {isa = PBXBuildFile; fileRef = 83ACC92021A7544500439667 /* ImageOverlay.swift */; };
		83ACC92321A7545F00439667 /* ImageOverlayRenderer.swift in Sources */ = {isa = PBXBuildFile; fileRef = 83ACC92221A7545F00439667 /* ImageOverlayRenderer.swift */; };
		83ACC92521A7548700439667 /* PolygonRenderer.swift in Sources */ = {isa = PBXBuildFile; fileRef = 83ACC92421A7548700439667 /* PolygonRenderer.swift */; };
		83ACC92721A754BF00439667 /* Annotation.swift in Sources */ = {isa = PBXBuildFile; fileRef = 83ACC92621A754BF00439667 /* Annotation.swift */; };
		83ACC92921A754DA00439667 /* ZoomType.swift in Sources */ = {isa = PBXBuildFile; fileRef = 83ACC92821A754DA00439667 /* ZoomType.swift */; };
		83ACC92D21A8034400439667 /* MapOverlay.swift in Sources */ = {isa = PBXBuildFile; fileRef = 83ACC92C21A8034400439667 /* MapOverlay.swift */; };
		83ACC92F21A80F5A00439667 /* WorldPolygons.swift in Sources */ = {isa = PBXBuildFile; fileRef = 83ACC92E21A80F5A00439667 /* WorldPolygons.swift */; };
		83ACC93321AC42BD00439667 /* ImageViewController.swift in Sources */ = {isa = PBXBuildFile; fileRef = 83ACC93221AC42BD00439667 /* ImageViewController.swift */; };
		83ACC93521AC432500439667 /* ImagesPageViewController.swift in Sources */ = {isa = PBXBuildFile; fileRef = 83ACC93421AC432500439667 /* ImagesPageViewController.swift */; };
		83ACC93721ADD57600439667 /* ImagePreviewDataSource.swift in Sources */ = {isa = PBXBuildFile; fileRef = 83ACC93621ADD57500439667 /* ImagePreviewDataSource.swift */; };
		83C703AE215793C4007853E9 /* ReportBarChartSelection.swift in Sources */ = {isa = PBXBuildFile; fileRef = 83C703AD215793C4007853E9 /* ReportBarChartSelection.swift */; };
		83C7DD8F21567C120046D8A5 /* ReportViewController.swift in Sources */ = {isa = PBXBuildFile; fileRef = 83C7DD8E21567C120046D8A5 /* ReportViewController.swift */; };
		83D12C9021DE98FE007397DF /* DatabaseCreator.swift in Sources */ = {isa = PBXBuildFile; fileRef = 83D12C8F21DE98FE007397DF /* DatabaseCreator.swift */; };
		83D12C9421E13AD4007397DF /* PlaceStats.swift in Sources */ = {isa = PBXBuildFile; fileRef = 83D12C9321E13AD4007397DF /* PlaceStats.swift */; };
		83D12C9621E256AF007397DF /* PlaceStatsTableViewManager.swift in Sources */ = {isa = PBXBuildFile; fileRef = 83D12C9521E256AF007397DF /* PlaceStatsTableViewManager.swift */; };
		83D12C9821E25790007397DF /* PlaceStatsManager.swift in Sources */ = {isa = PBXBuildFile; fileRef = 83D12C9721E25790007397DF /* PlaceStatsManager.swift */; };
		83D12C9A21E25AC8007397DF /* TableViewManager.swift in Sources */ = {isa = PBXBuildFile; fileRef = 83D12C9921E25AC8007397DF /* TableViewManager.swift */; };
		83FF2129215F86C5008E846F /* Helpers.swift in Sources */ = {isa = PBXBuildFile; fileRef = 83FF2128215F86C5008E846F /* Helpers.swift */; };
		83FF212C215FA47E008E846F /* YearStatsUpdater.swift in Sources */ = {isa = PBXBuildFile; fileRef = 83FF212B215FA47E008E846F /* YearStatsUpdater.swift */; };
		A5502DA6450971490B66119E /* Pods_seelogTests.framework in Frameworks */ = {isa = PBXBuildFile; fileRef = 20C4034B3BAC37236CD70496 /* Pods_seelogTests.framework */; };
/* End PBXBuildFile section */

/* Begin PBXContainerItemProxy section */
		8343169E2142AD6A00784257 /* PBXContainerItemProxy */ = {
			isa = PBXContainerItemProxy;
			containerPortal = 8343167E2142AD6600784257 /* Project object */;
			proxyType = 1;
			remoteGlobalIDString = 834316852142AD6600784257;
			remoteInfo = seelog;
		};
		834316A92142AD6A00784257 /* PBXContainerItemProxy */ = {
			isa = PBXContainerItemProxy;
			containerPortal = 8343167E2142AD6600784257 /* Project object */;
			proxyType = 1;
			remoteGlobalIDString = 834316852142AD6600784257;
			remoteInfo = seelog;
		};
/* End PBXContainerItemProxy section */

/* Begin PBXFileReference section */
		04FBDAFC1238F85C39503416 /* Pods_Seelog.framework */ = {isa = PBXFileReference; explicitFileType = wrapper.framework; includeInIndex = 0; path = Pods_Seelog.framework; sourceTree = BUILT_PRODUCTS_DIR; };
		0E0A53248E77E44A7835ED25 /* Pods_seelog.framework */ = {isa = PBXFileReference; explicitFileType = wrapper.framework; includeInIndex = 0; path = Pods_seelog.framework; sourceTree = BUILT_PRODUCTS_DIR; };
		20C4034B3BAC37236CD70496 /* Pods_seelogTests.framework */ = {isa = PBXFileReference; explicitFileType = wrapper.framework; includeInIndex = 0; path = Pods_seelogTests.framework; sourceTree = BUILT_PRODUCTS_DIR; };
		2415C18D330D19815B0937AF /* Pods-seelogUITests.debug.xcconfig */ = {isa = PBXFileReference; includeInIndex = 1; lastKnownFileType = text.xcconfig; name = "Pods-seelogUITests.debug.xcconfig"; path = "Pods/Target Support Files/Pods-seelogUITests/Pods-seelogUITests.debug.xcconfig"; sourceTree = "<group>"; };
		54AC64825E59FFC79F45C7FD /* Pods-seelogTests.debug.xcconfig */ = {isa = PBXFileReference; includeInIndex = 1; lastKnownFileType = text.xcconfig; name = "Pods-seelogTests.debug.xcconfig"; path = "Pods/Target Support Files/Pods-seelogTests/Pods-seelogTests.debug.xcconfig"; sourceTree = "<group>"; };
		6BEBD1CD237713FA00EF627D /* ContentSizedTableView.swift */ = {isa = PBXFileReference; lastKnownFileType = sourcecode.swift; path = ContentSizedTableView.swift; sourceTree = "<group>"; };
		8305ED492182671A00630BD6 /* BarChartDrawer.swift */ = {isa = PBXFileReference; lastKnownFileType = sourcecode.swift; path = BarChartDrawer.swift; sourceTree = "<group>"; };
		8305ED4D218451E600630BD6 /* ChartDrawer.swift */ = {isa = PBXFileReference; lastKnownFileType = sourcecode.swift; path = ChartDrawer.swift; sourceTree = "<group>"; };
		830EF11D218AD8F200AEE7A0 /* ReportTableViewCell.swift */ = {isa = PBXFileReference; lastKnownFileType = sourcecode.swift; path = ReportTableViewCell.swift; sourceTree = "<group>"; };
		830EF11F218B047A00AEE7A0 /* lands.wkt */ = {isa = PBXFileReference; fileEncoding = 4; lastKnownFileType = text; path = lands.wkt; sourceTree = "<group>"; };
		830EF123218CAF5000AEE7A0 /* PlaceTableViewCell.swift */ = {isa = PBXFileReference; lastKnownFileType = sourcecode.swift; path = PlaceTableViewCell.swift; sourceTree = "<group>"; };
		830EF125218E040A00AEE7A0 /* YearCountriesUpdater.swift */ = {isa = PBXFileReference; lastKnownFileType = sourcecode.swift; path = YearCountriesUpdater.swift; sourceTree = "<group>"; };
		830EF127218E056100AEE7A0 /* YearCitiesUpdater.swift */ = {isa = PBXFileReference; lastKnownFileType = sourcecode.swift; path = YearCitiesUpdater.swift; sourceTree = "<group>"; };
		830EF129218E067A00AEE7A0 /* YearSeenAreaUpdater.swift */ = {isa = PBXFileReference; lastKnownFileType = sourcecode.swift; path = YearSeenAreaUpdater.swift; sourceTree = "<group>"; };
		830EF12B218E07DB00AEE7A0 /* YearTimezonesUpdater.swift */ = {isa = PBXFileReference; lastKnownFileType = sourcecode.swift; path = YearTimezonesUpdater.swift; sourceTree = "<group>"; };
		830EF12D218E22A900AEE7A0 /* TimezoneInfo.swift */ = {isa = PBXFileReference; lastKnownFileType = sourcecode.swift; path = TimezoneInfo.swift; sourceTree = "<group>"; };
		830EF137218F549500AEE7A0 /* HeatmapMapManager.swift */ = {isa = PBXFileReference; lastKnownFileType = sourcecode.swift; path = HeatmapMapManager.swift; sourceTree = "<group>"; };
		830EF139218F54A300AEE7A0 /* MapManager.swift */ = {isa = PBXFileReference; lastKnownFileType = sourcecode.swift; path = MapManager.swift; sourceTree = "<group>"; };
		830EF13B218F574500AEE7A0 /* CountriesMapManager.swift */ = {isa = PBXFileReference; lastKnownFileType = sourcecode.swift; path = CountriesMapManager.swift; sourceTree = "<group>"; };
		830EF13D218F6C4E00AEE7A0 /* CitiesMapManager.swift */ = {isa = PBXFileReference; lastKnownFileType = sourcecode.swift; path = CitiesMapManager.swift; sourceTree = "<group>"; };
		8312AA9E21B3F07A0012614A /* blank.png */ = {isa = PBXFileReference; lastKnownFileType = image.png; path = blank.png; sourceTree = SOURCE_ROOT; };
		8312AAA221B5B43E0012614A /* RequestPermissionViewController.swift */ = {isa = PBXFileReference; lastKnownFileType = sourcecode.swift; path = RequestPermissionViewController.swift; sourceTree = "<group>"; };
		8317EA4421A5CC1D006CC144 /* BlockingQueue.swift */ = {isa = PBXFileReference; lastKnownFileType = sourcecode.swift; path = BlockingQueue.swift; sourceTree = "<group>"; };
		8317EA4621A5CC47006CC144 /* ConcurrentArray.swift */ = {isa = PBXFileReference; lastKnownFileType = sourcecode.swift; path = ConcurrentArray.swift; sourceTree = "<group>"; };
		8317EA4821A5CD9A006CC144 /* synchronize.swift */ = {isa = PBXFileReference; lastKnownFileType = sourcecode.swift; path = synchronize.swift; sourceTree = "<group>"; };
		83221A8421451FB30055D775 /* generated.sqlite */ = {isa = PBXFileReference; lastKnownFileType = file; path = generated.sqlite; sourceTree = "<group>"; };
		83221A86214527EC0055D775 /* GeoDatabase.swift */ = {isa = PBXFileReference; lastKnownFileType = sourcecode.swift; path = GeoDatabase.swift; sourceTree = "<group>"; };
		83221A8821452BE60055D775 /* Geohash.swift */ = {isa = PBXFileReference; lastKnownFileType = sourcecode.swift; path = Geohash.swift; sourceTree = "<group>"; };
		83221A8B214549E60055D775 /* SQLite.framework */ = {isa = PBXFileReference; lastKnownFileType = wrapper.framework; name = SQLite.framework; path = Carthage/Build/iOS/SQLite.framework; sourceTree = "<group>"; };
		83221A8E2145780C0055D775 /* DatabaseInitializer.swift */ = {isa = PBXFileReference; lastKnownFileType = sourcecode.swift; path = DatabaseInitializer.swift; sourceTree = "<group>"; };
		832B9A1B215FD1E30098A396 /* CountryCodeMappings.swift */ = {isa = PBXFileReference; lastKnownFileType = sourcecode.swift; path = CountryCodeMappings.swift; sourceTree = "<group>"; };
		832B9A1D215FD4070098A396 /* AggregatedVisitStats.swift */ = {isa = PBXFileReference; lastKnownFileType = sourcecode.swift; path = AggregatedVisitStats.swift; sourceTree = "<group>"; };
		832B9A1F215FD4CD0098A396 /* Year.swift */ = {isa = PBXFileReference; lastKnownFileType = sourcecode.swift; path = Year.swift; sourceTree = "<group>"; };
		8335679E2199D95C0081498B /* TimezoneMapManager.swift */ = {isa = PBXFileReference; lastKnownFileType = sourcecode.swift; path = TimezoneMapManager.swift; sourceTree = "<group>"; };
		833567A0219A047E0081498B /* ContinentsMapManager.swift */ = {isa = PBXFileReference; lastKnownFileType = sourcecode.swift; path = ContinentsMapManager.swift; sourceTree = "<group>"; };
		833567A2219A04B80081498B /* ContinentInfo.swift */ = {isa = PBXFileReference; lastKnownFileType = sourcecode.swift; path = ContinentInfo.swift; sourceTree = "<group>"; };
		833567A421A026160081498B /* YearHeatmapUpdater.swift */ = {isa = PBXFileReference; lastKnownFileType = sourcecode.swift; path = YearHeatmapUpdater.swift; sourceTree = "<group>"; };
		833567A621A169B20081498B /* YearContinentsUpdater.swift */ = {isa = PBXFileReference; lastKnownFileType = sourcecode.swift; path = YearContinentsUpdater.swift; sourceTree = "<group>"; };
		833D321E2189E63900A5F971 /* img.png */ = {isa = PBXFileReference; lastKnownFileType = image.png; path = img.png; sourceTree = "<group>"; };
		834316862142AD6600784257 /* Seelog.app */ = {isa = PBXFileReference; explicitFileType = wrapper.application; includeInIndex = 0; path = Seelog.app; sourceTree = BUILT_PRODUCTS_DIR; };
		834316892142AD6600784257 /* AppDelegate.swift */ = {isa = PBXFileReference; lastKnownFileType = sourcecode.swift; path = AppDelegate.swift; sourceTree = "<group>"; };
		8343168B2142AD6600784257 /* ViewController.swift */ = {isa = PBXFileReference; lastKnownFileType = sourcecode.swift; path = ViewController.swift; sourceTree = "<group>"; };
		8343168E2142AD6700784257 /* Base */ = {isa = PBXFileReference; lastKnownFileType = file.storyboard; name = Base; path = Base.lproj/Main.storyboard; sourceTree = "<group>"; };
		834316912142AD6700784257 /* seelog.xcdatamodel */ = {isa = PBXFileReference; lastKnownFileType = wrapper.xcdatamodel; path = seelog.xcdatamodel; sourceTree = "<group>"; };
		834316932142AD6900784257 /* Assets.xcassets */ = {isa = PBXFileReference; lastKnownFileType = folder.assetcatalog; path = Assets.xcassets; sourceTree = "<group>"; };
		834316962142AD6900784257 /* Base */ = {isa = PBXFileReference; lastKnownFileType = file.storyboard; name = Base; path = Base.lproj/LaunchScreen.storyboard; sourceTree = "<group>"; };
		834316982142AD6900784257 /* Info.plist */ = {isa = PBXFileReference; lastKnownFileType = text.plist.xml; path = Info.plist; sourceTree = "<group>"; };
		8343169D2142AD6A00784257 /* seelogTests.xctest */ = {isa = PBXFileReference; explicitFileType = wrapper.cfbundle; includeInIndex = 0; path = seelogTests.xctest; sourceTree = BUILT_PRODUCTS_DIR; };
		834316A12142AD6A00784257 /* seelogTests.swift */ = {isa = PBXFileReference; lastKnownFileType = sourcecode.swift; path = seelogTests.swift; sourceTree = "<group>"; };
		834316A32142AD6A00784257 /* Info.plist */ = {isa = PBXFileReference; lastKnownFileType = text.plist.xml; path = Info.plist; sourceTree = "<group>"; };
		834316A82142AD6A00784257 /* seelogUITests.xctest */ = {isa = PBXFileReference; explicitFileType = wrapper.cfbundle; includeInIndex = 0; path = seelogUITests.xctest; sourceTree = BUILT_PRODUCTS_DIR; };
		834316AC2142AD6A00784257 /* seelogUITests.swift */ = {isa = PBXFileReference; lastKnownFileType = sourcecode.swift; path = seelogUITests.swift; sourceTree = "<group>"; };
		834316AE2142AD6A00784257 /* Info.plist */ = {isa = PBXFileReference; lastKnownFileType = text.plist.xml; path = Info.plist; sourceTree = "<group>"; };
		834316BA2142D5FD00784257 /* Photo.swift */ = {isa = PBXFileReference; lastKnownFileType = sourcecode.swift; path = Photo.swift; sourceTree = "<group>"; };
		8349435821C8289D0089A585 /* PhotoInfo.swift */ = {isa = PBXFileReference; lastKnownFileType = sourcecode.swift; path = PhotoInfo.swift; sourceTree = "<group>"; };
		8349435A21C82C110089A585 /* VisitPeriodUpdater.swift */ = {isa = PBXFileReference; lastKnownFileType = sourcecode.swift; path = VisitPeriodUpdater.swift; sourceTree = "<group>"; };
		8349435C21C82F910089A585 /* VisitPeriod.swift */ = {isa = PBXFileReference; lastKnownFileType = sourcecode.swift; path = VisitPeriod.swift; sourceTree = "<group>"; };
		8349435E21CE31D90089A585 /* VisitPeriodManager.swift */ = {isa = PBXFileReference; lastKnownFileType = sourcecode.swift; path = VisitPeriodManager.swift; sourceTree = "<group>"; };
		8349436021CE353A0089A585 /* VisitPeriodsTableViewManager.swift */ = {isa = PBXFileReference; lastKnownFileType = sourcecode.swift; path = VisitPeriodsTableViewManager.swift; sourceTree = "<group>"; };
		83571F7E21564ACA001CEEFC /* HistoryChartView.swift */ = {isa = PBXFileReference; lastKnownFileType = sourcecode.swift; path = HistoryChartView.swift; sourceTree = "<group>"; };
		8358DC5721B1E1D300F38710 /* StatesMapManager.swift */ = {isa = PBXFileReference; lastKnownFileType = sourcecode.swift; path = StatesMapManager.swift; sourceTree = "<group>"; };
		8358DC5921B3080000F38710 /* OverlayManager.swift */ = {isa = PBXFileReference; lastKnownFileType = sourcecode.swift; path = OverlayManager.swift; sourceTree = "<group>"; };
		835B8056217B44B6001E9B96 /* MainMapViewDelegate.swift */ = {isa = PBXFileReference; lastKnownFileType = sourcecode.swift; path = MainMapViewDelegate.swift; sourceTree = "<group>"; };
		8362041C21B5BAE400A1AB80 /* PermissionDeniedViewController.swift */ = {isa = PBXFileReference; lastKnownFileType = sourcecode.swift; path = PermissionDeniedViewController.swift; sourceTree = "<group>"; };
		8362041E21B5C92A00A1AB80 /* StoreKit.framework */ = {isa = PBXFileReference; lastKnownFileType = wrapper.framework; name = StoreKit.framework; path = System/Library/Frameworks/StoreKit.framework; sourceTree = SDKROOT; };
		836F302621937F7600D4FCB3 /* PhotoMapViewer.swift */ = {isa = PBXFileReference; lastKnownFileType = sourcecode.swift; path = PhotoMapViewer.swift; sourceTree = "<group>"; };
		83940627236607840028E4FD /* Date.swift */ = {isa = PBXFileReference; lastKnownFileType = sourcecode.swift; path = Date.swift; sourceTree = "<group>"; };
		83940629236615240028E4FD /* StatsProvider.swift */ = {isa = PBXFileReference; lastKnownFileType = sourcecode.swift; path = StatsProvider.swift; sourceTree = "<group>"; };
		839E9DBD21BAEFF7001FC0F1 /* app_icon_no_check.png */ = {isa = PBXFileReference; lastKnownFileType = image.png; path = app_icon_no_check.png; sourceTree = SOURCE_ROOT; };
		839E9DBF21BAF5B6001FC0F1 /* IAPHelper.swift */ = {isa = PBXFileReference; lastKnownFileType = sourcecode.swift; path = IAPHelper.swift; sourceTree = "<group>"; };
		839E9DC121BB0758001FC0F1 /* CompleteHistoryPurchase.swift */ = {isa = PBXFileReference; lastKnownFileType = sourcecode.swift; path = CompleteHistoryPurchase.swift; sourceTree = "<group>"; };
		839E9DCC21BBCBEB001FC0F1 /* deselected_lock.png */ = {isa = PBXFileReference; lastKnownFileType = image.png; path = deselected_lock.png; sourceTree = "<group>"; };
		839E9DCD21BBCBEB001FC0F1 /* selected_lock.png */ = {isa = PBXFileReference; lastKnownFileType = image.png; path = selected_lock.png; sourceTree = "<group>"; };
		83A8ABCE2173290400203402 /* CityInfo.swift */ = {isa = PBXFileReference; lastKnownFileType = sourcecode.swift; path = CityInfo.swift; sourceTree = "<group>"; };
		83A8ABD021733F2600203402 /* CountryInfo.swift */ = {isa = PBXFileReference; lastKnownFileType = sourcecode.swift; path = CountryInfo.swift; sourceTree = "<group>"; };
		83A8ABD22173459800203402 /* StateInfo.swift */ = {isa = PBXFileReference; lastKnownFileType = sourcecode.swift; path = StateInfo.swift; sourceTree = "<group>"; };
		83ACC91521A70A7F00439667 /* GeometryOverlayCreator.swift */ = {isa = PBXFileReference; lastKnownFileType = sourcecode.swift; path = GeometryOverlayCreator.swift; sourceTree = "<group>"; };
		83ACC91821A753DB00439667 /* MapOverlayProperties.swift */ = {isa = PBXFileReference; lastKnownFileType = sourcecode.swift; path = MapOverlayProperties.swift; sourceTree = "<group>"; };
		83ACC91A21A753FB00439667 /* MapPolyline.swift */ = {isa = PBXFileReference; lastKnownFileType = sourcecode.swift; path = MapPolyline.swift; sourceTree = "<group>"; };
		83ACC91C21A7541700439667 /* MapPolygon.swift */ = {isa = PBXFileReference; lastKnownFileType = sourcecode.swift; path = MapPolygon.swift; sourceTree = "<group>"; };
		83ACC91E21A7542C00439667 /* MapCircle.swift */ = {isa = PBXFileReference; lastKnownFileType = sourcecode.swift; path = MapCircle.swift; sourceTree = "<group>"; };
		83ACC92021A7544500439667 /* ImageOverlay.swift */ = {isa = PBXFileReference; lastKnownFileType = sourcecode.swift; path = ImageOverlay.swift; sourceTree = "<group>"; };
		83ACC92221A7545F00439667 /* ImageOverlayRenderer.swift */ = {isa = PBXFileReference; lastKnownFileType = sourcecode.swift; path = ImageOverlayRenderer.swift; sourceTree = "<group>"; };
		83ACC92421A7548700439667 /* PolygonRenderer.swift */ = {isa = PBXFileReference; lastKnownFileType = sourcecode.swift; path = PolygonRenderer.swift; sourceTree = "<group>"; };
		83ACC92621A754BF00439667 /* Annotation.swift */ = {isa = PBXFileReference; lastKnownFileType = sourcecode.swift; path = Annotation.swift; sourceTree = "<group>"; };
		83ACC92821A754DA00439667 /* ZoomType.swift */ = {isa = PBXFileReference; lastKnownFileType = sourcecode.swift; path = ZoomType.swift; sourceTree = "<group>"; };
		83ACC92C21A8034400439667 /* MapOverlay.swift */ = {isa = PBXFileReference; lastKnownFileType = sourcecode.swift; path = MapOverlay.swift; sourceTree = "<group>"; };
		83ACC92E21A80F5A00439667 /* WorldPolygons.swift */ = {isa = PBXFileReference; lastKnownFileType = sourcecode.swift; path = WorldPolygons.swift; sourceTree = "<group>"; };
		83ACC93221AC42BD00439667 /* ImageViewController.swift */ = {isa = PBXFileReference; lastKnownFileType = sourcecode.swift; path = ImageViewController.swift; sourceTree = "<group>"; };
		83ACC93421AC432500439667 /* ImagesPageViewController.swift */ = {isa = PBXFileReference; lastKnownFileType = sourcecode.swift; path = ImagesPageViewController.swift; sourceTree = "<group>"; };
		83ACC93621ADD57500439667 /* ImagePreviewDataSource.swift */ = {isa = PBXFileReference; lastKnownFileType = sourcecode.swift; path = ImagePreviewDataSource.swift; sourceTree = "<group>"; };
		83C703AD215793C4007853E9 /* ReportBarChartSelection.swift */ = {isa = PBXFileReference; lastKnownFileType = sourcecode.swift; path = ReportBarChartSelection.swift; sourceTree = "<group>"; };
		83C7DD8E21567C120046D8A5 /* ReportViewController.swift */ = {isa = PBXFileReference; lastKnownFileType = sourcecode.swift; path = ReportViewController.swift; sourceTree = "<group>"; };
		83D12C8F21DE98FE007397DF /* DatabaseCreator.swift */ = {isa = PBXFileReference; lastKnownFileType = sourcecode.swift; path = DatabaseCreator.swift; sourceTree = "<group>"; };
		83D12C9321E13AD4007397DF /* PlaceStats.swift */ = {isa = PBXFileReference; lastKnownFileType = sourcecode.swift; path = PlaceStats.swift; sourceTree = "<group>"; };
		83D12C9521E256AF007397DF /* PlaceStatsTableViewManager.swift */ = {isa = PBXFileReference; lastKnownFileType = sourcecode.swift; path = PlaceStatsTableViewManager.swift; sourceTree = "<group>"; };
		83D12C9721E25790007397DF /* PlaceStatsManager.swift */ = {isa = PBXFileReference; lastKnownFileType = sourcecode.swift; path = PlaceStatsManager.swift; sourceTree = "<group>"; };
		83D12C9921E25AC8007397DF /* TableViewManager.swift */ = {isa = PBXFileReference; lastKnownFileType = sourcecode.swift; path = TableViewManager.swift; sourceTree = "<group>"; };
		83FF2128215F86C5008E846F /* Helpers.swift */ = {isa = PBXFileReference; lastKnownFileType = sourcecode.swift; path = Helpers.swift; sourceTree = "<group>"; };
		83FF212B215FA47E008E846F /* YearStatsUpdater.swift */ = {isa = PBXFileReference; lastKnownFileType = sourcecode.swift; path = YearStatsUpdater.swift; sourceTree = "<group>"; };
		85FD6EE0A52036A012C91395 /* Pods_seelogUITests.framework */ = {isa = PBXFileReference; explicitFileType = wrapper.framework; includeInIndex = 0; path = Pods_seelogUITests.framework; sourceTree = BUILT_PRODUCTS_DIR; };
		997FC8762F2CE413825CCB6B /* Pods-seelog.debug.xcconfig */ = {isa = PBXFileReference; includeInIndex = 1; lastKnownFileType = text.xcconfig; name = "Pods-seelog.debug.xcconfig"; path = "Pods/Target Support Files/Pods-seelog/Pods-seelog.debug.xcconfig"; sourceTree = "<group>"; };
		A3EE17F4CCEC392913D7964D /* Pods-seelog.release.xcconfig */ = {isa = PBXFileReference; includeInIndex = 1; lastKnownFileType = text.xcconfig; name = "Pods-seelog.release.xcconfig"; path = "Pods/Target Support Files/Pods-seelog/Pods-seelog.release.xcconfig"; sourceTree = "<group>"; };
		D2C6379ABAF2E79BDA6AF9DB /* Pods-seelogTests.release.xcconfig */ = {isa = PBXFileReference; includeInIndex = 1; lastKnownFileType = text.xcconfig; name = "Pods-seelogTests.release.xcconfig"; path = "Pods/Target Support Files/Pods-seelogTests/Pods-seelogTests.release.xcconfig"; sourceTree = "<group>"; };
		D354FC8977FDAFC6738C2713 /* Pods-Seelog.release.xcconfig */ = {isa = PBXFileReference; includeInIndex = 1; lastKnownFileType = text.xcconfig; name = "Pods-Seelog.release.xcconfig"; path = "Pods/Target Support Files/Pods-Seelog/Pods-Seelog.release.xcconfig"; sourceTree = "<group>"; };
		DF9EFFF4EEAB5D089728DD2D /* Pods-Seelog.debug.xcconfig */ = {isa = PBXFileReference; includeInIndex = 1; lastKnownFileType = text.xcconfig; name = "Pods-Seelog.debug.xcconfig"; path = "Pods/Target Support Files/Pods-Seelog/Pods-Seelog.debug.xcconfig"; sourceTree = "<group>"; };
		FBCA8175EA256CEDDF327643 /* Pods-seelogUITests.release.xcconfig */ = {isa = PBXFileReference; includeInIndex = 1; lastKnownFileType = text.xcconfig; name = "Pods-seelogUITests.release.xcconfig"; path = "Pods/Target Support Files/Pods-seelogUITests/Pods-seelogUITests.release.xcconfig"; sourceTree = "<group>"; };
/* End PBXFileReference section */

/* Begin PBXFrameworksBuildPhase section */
		834316832142AD6600784257 /* Frameworks */ = {
			isa = PBXFrameworksBuildPhase;
			buildActionMask = 2147483647;
			files = (
				8362041F21B5C92A00A1AB80 /* StoreKit.framework in Frameworks */,
				46C076A9D05EB24844896409 /* Pods_seelog.framework in Frameworks */,
				263FFAD620D65A5FBC8E57A2 /* Pods_Seelog.framework in Frameworks */,
			);
			runOnlyForDeploymentPostprocessing = 0;
		};
		8343169A2142AD6A00784257 /* Frameworks */ = {
			isa = PBXFrameworksBuildPhase;
			buildActionMask = 2147483647;
			files = (
				A5502DA6450971490B66119E /* Pods_seelogTests.framework in Frameworks */,
			);
			runOnlyForDeploymentPostprocessing = 0;
		};
		834316A52142AD6A00784257 /* Frameworks */ = {
			isa = PBXFrameworksBuildPhase;
			buildActionMask = 2147483647;
			files = (
				036FE228E2D0B1B1294CA39A /* Pods_seelogUITests.framework in Frameworks */,
			);
			runOnlyForDeploymentPostprocessing = 0;
		};
/* End PBXFrameworksBuildPhase section */

/* Begin PBXGroup section */
		830EF12F218EF53C00AEE7A0 /* TableView */ = {
			isa = PBXGroup;
			children = (
				830EF11D218AD8F200AEE7A0 /* ReportTableViewCell.swift */,
				830EF123218CAF5000AEE7A0 /* PlaceTableViewCell.swift */,
				8349436021CE353A0089A585 /* VisitPeriodsTableViewManager.swift */,
				83D12C9521E256AF007397DF /* PlaceStatsTableViewManager.swift */,
				83D12C9921E25AC8007397DF /* TableViewManager.swift */,
			);
			path = TableView;
			sourceTree = "<group>";
		};
		830EF136218F546400AEE7A0 /* MapView */ = {
			isa = PBXGroup;
			children = (
				83ACC91721A753CB00439667 /* Overlays */,
				835B8056217B44B6001E9B96 /* MainMapViewDelegate.swift */,
				830EF137218F549500AEE7A0 /* HeatmapMapManager.swift */,
				830EF139218F54A300AEE7A0 /* MapManager.swift */,
				830EF13B218F574500AEE7A0 /* CountriesMapManager.swift */,
				830EF13D218F6C4E00AEE7A0 /* CitiesMapManager.swift */,
				836F302621937F7600D4FCB3 /* PhotoMapViewer.swift */,
				8335679E2199D95C0081498B /* TimezoneMapManager.swift */,
				833567A0219A047E0081498B /* ContinentsMapManager.swift */,
				8358DC5721B1E1D300F38710 /* StatesMapManager.swift */,
			);
			path = MapView;
			sourceTree = "<group>";
		};
		83221A8A214549E60055D775 /* Frameworks */ = {
			isa = PBXGroup;
			children = (
				8362041E21B5C92A00A1AB80 /* StoreKit.framework */,
				83221A8B214549E60055D775 /* SQLite.framework */,
				0E0A53248E77E44A7835ED25 /* Pods_seelog.framework */,
				20C4034B3BAC37236CD70496 /* Pods_seelogTests.framework */,
				85FD6EE0A52036A012C91395 /* Pods_seelogUITests.framework */,
				04FBDAFC1238F85C39503416 /* Pods_Seelog.framework */,
			);
			name = Frameworks;
			sourceTree = "<group>";
		};
		8343167D2142AD6600784257 = {
			isa = PBXGroup;
			children = (
				834316882142AD6600784257 /* seelog */,
				834316A02142AD6A00784257 /* seelogTests */,
				834316AB2142AD6A00784257 /* seelogUITests */,
				834316872142AD6600784257 /* Products */,
				83221A8A214549E60055D775 /* Frameworks */,
				E6DDB71771A1F308EBED6F81 /* Pods */,
			);
			sourceTree = "<group>";
		};
		834316872142AD6600784257 /* Products */ = {
			isa = PBXGroup;
			children = (
				834316862142AD6600784257 /* Seelog.app */,
				8343169D2142AD6A00784257 /* seelogTests.xctest */,
				834316A82142AD6A00784257 /* seelogUITests.xctest */,
			);
			name = Products;
			sourceTree = "<group>";
		};
		834316882142AD6600784257 /* seelog */ = {
			isa = PBXGroup;
			children = (
				839E9DC721BBCBA8001FC0F1 /* Images */,
				830EF136218F546400AEE7A0 /* MapView */,
				830EF12F218EF53C00AEE7A0 /* TableView */,
				83E80A972162921900A39782 /* Helpers */,
				83E80A96216291F300A39782 /* BarChart */,
				83E80A95216291A100A39782 /* Models */,
				83FF212A215FA439008E846F /* Initialization */,
				834316892142AD6600784257 /* AppDelegate.swift */,
				8343168B2142AD6600784257 /* ViewController.swift */,
				8343168D2142AD6700784257 /* Main.storyboard */,
				834316932142AD6900784257 /* Assets.xcassets */,
				834316952142AD6900784257 /* LaunchScreen.storyboard */,
				834316982142AD6900784257 /* Info.plist */,
				830EF11F218B047A00AEE7A0 /* lands.wkt */,
				833D321E2189E63900A5F971 /* img.png */,
				839E9DBD21BAEFF7001FC0F1 /* app_icon_no_check.png */,
				83221A8421451FB30055D775 /* generated.sqlite */,
				834316902142AD6700784257 /* seelog.xcdatamodeld */,
				83C7DD8E21567C120046D8A5 /* ReportViewController.swift */,
				83ACC93221AC42BD00439667 /* ImageViewController.swift */,
				83ACC93421AC432500439667 /* ImagesPageViewController.swift */,
				8312AA9E21B3F07A0012614A /* blank.png */,
				83ACC93621ADD57500439667 /* ImagePreviewDataSource.swift */,
				8312AAA221B5B43E0012614A /* RequestPermissionViewController.swift */,
				8362041C21B5BAE400A1AB80 /* PermissionDeniedViewController.swift */,
				6BEBD1CD237713FA00EF627D /* ContentSizedTableView.swift */,
			);
			path = seelog;
			sourceTree = "<group>";
		};
		834316A02142AD6A00784257 /* seelogTests */ = {
			isa = PBXGroup;
			children = (
				834316A12142AD6A00784257 /* seelogTests.swift */,
				834316A32142AD6A00784257 /* Info.plist */,
			);
			path = seelogTests;
			sourceTree = "<group>";
		};
		834316AB2142AD6A00784257 /* seelogUITests */ = {
			isa = PBXGroup;
			children = (
				834316AC2142AD6A00784257 /* seelogUITests.swift */,
				834316AE2142AD6A00784257 /* Info.plist */,
			);
			path = seelogUITests;
			sourceTree = "<group>";
		};
		839E9DC721BBCBA8001FC0F1 /* Images */ = {
			isa = PBXGroup;
			children = (
				839E9DCC21BBCBEB001FC0F1 /* deselected_lock.png */,
				839E9DCD21BBCBEB001FC0F1 /* selected_lock.png */,
			);
			path = Images;
			sourceTree = "<group>";
		};
		83ACC91721A753CB00439667 /* Overlays */ = {
			isa = PBXGroup;
			children = (
				83ACC91521A70A7F00439667 /* GeometryOverlayCreator.swift */,
				83ACC91821A753DB00439667 /* MapOverlayProperties.swift */,
				83ACC91A21A753FB00439667 /* MapPolyline.swift */,
				83ACC91C21A7541700439667 /* MapPolygon.swift */,
				83ACC91E21A7542C00439667 /* MapCircle.swift */,
				83ACC92021A7544500439667 /* ImageOverlay.swift */,
				83ACC92221A7545F00439667 /* ImageOverlayRenderer.swift */,
				83ACC92421A7548700439667 /* PolygonRenderer.swift */,
				83ACC92621A754BF00439667 /* Annotation.swift */,
				83ACC92821A754DA00439667 /* ZoomType.swift */,
				83ACC92C21A8034400439667 /* MapOverlay.swift */,
				8358DC5921B3080000F38710 /* OverlayManager.swift */,
			);
			path = Overlays;
			sourceTree = "<group>";
		};
		83E80A95216291A100A39782 /* Models */ = {
			isa = PBXGroup;
			children = (
				83221A86214527EC0055D775 /* GeoDatabase.swift */,
				832B9A1F215FD4CD0098A396 /* Year.swift */,
				834316BA2142D5FD00784257 /* Photo.swift */,
				83A8ABCE2173290400203402 /* CityInfo.swift */,
				83A8ABD021733F2600203402 /* CountryInfo.swift */,
				83A8ABD22173459800203402 /* StateInfo.swift */,
				830EF12D218E22A900AEE7A0 /* TimezoneInfo.swift */,
				833567A2219A04B80081498B /* ContinentInfo.swift */,
				839E9DC121BB0758001FC0F1 /* CompleteHistoryPurchase.swift */,
				8349435C21C82F910089A585 /* VisitPeriod.swift */,
				83D12C9321E13AD4007397DF /* PlaceStats.swift */,
				83940629236615240028E4FD /* StatsProvider.swift */,
			);
			path = Models;
			sourceTree = "<group>";
		};
		83E80A96216291F300A39782 /* BarChart */ = {
			isa = PBXGroup;
			children = (
				83571F7E21564ACA001CEEFC /* HistoryChartView.swift */,
				83C703AD215793C4007853E9 /* ReportBarChartSelection.swift */,
				832B9A1D215FD4070098A396 /* AggregatedVisitStats.swift */,
				8305ED492182671A00630BD6 /* BarChartDrawer.swift */,
				8305ED4D218451E600630BD6 /* ChartDrawer.swift */,
			);
			path = BarChart;
			sourceTree = "<group>";
		};
		83E80A972162921900A39782 /* Helpers */ = {
			isa = PBXGroup;
			children = (
				83221A8821452BE60055D775 /* Geohash.swift */,
				83FF2128215F86C5008E846F /* Helpers.swift */,
				832B9A1B215FD1E30098A396 /* CountryCodeMappings.swift */,
				8317EA4421A5CC1D006CC144 /* BlockingQueue.swift */,
				8317EA4621A5CC47006CC144 /* ConcurrentArray.swift */,
				8317EA4821A5CD9A006CC144 /* synchronize.swift */,
				83ACC92E21A80F5A00439667 /* WorldPolygons.swift */,
				839E9DBF21BAF5B6001FC0F1 /* IAPHelper.swift */,
				8349435E21CE31D90089A585 /* VisitPeriodManager.swift */,
				83D12C9721E25790007397DF /* PlaceStatsManager.swift */,
				83940627236607840028E4FD /* Date.swift */,
			);
			path = Helpers;
			sourceTree = "<group>";
		};
		83FF212A215FA439008E846F /* Initialization */ = {
			isa = PBXGroup;
			children = (
				83221A8E2145780C0055D775 /* DatabaseInitializer.swift */,
				83FF212B215FA47E008E846F /* YearStatsUpdater.swift */,
				830EF125218E040A00AEE7A0 /* YearCountriesUpdater.swift */,
				830EF127218E056100AEE7A0 /* YearCitiesUpdater.swift */,
				830EF129218E067A00AEE7A0 /* YearSeenAreaUpdater.swift */,
				830EF12B218E07DB00AEE7A0 /* YearTimezonesUpdater.swift */,
				833567A421A026160081498B /* YearHeatmapUpdater.swift */,
				833567A621A169B20081498B /* YearContinentsUpdater.swift */,
				8349435821C8289D0089A585 /* PhotoInfo.swift */,
				8349435A21C82C110089A585 /* VisitPeriodUpdater.swift */,
				83D12C8F21DE98FE007397DF /* DatabaseCreator.swift */,
			);
			path = Initialization;
			sourceTree = "<group>";
		};
		E6DDB71771A1F308EBED6F81 /* Pods */ = {
			isa = PBXGroup;
			children = (
				997FC8762F2CE413825CCB6B /* Pods-seelog.debug.xcconfig */,
				A3EE17F4CCEC392913D7964D /* Pods-seelog.release.xcconfig */,
				54AC64825E59FFC79F45C7FD /* Pods-seelogTests.debug.xcconfig */,
				D2C6379ABAF2E79BDA6AF9DB /* Pods-seelogTests.release.xcconfig */,
				2415C18D330D19815B0937AF /* Pods-seelogUITests.debug.xcconfig */,
				FBCA8175EA256CEDDF327643 /* Pods-seelogUITests.release.xcconfig */,
				DF9EFFF4EEAB5D089728DD2D /* Pods-Seelog.debug.xcconfig */,
				D354FC8977FDAFC6738C2713 /* Pods-Seelog.release.xcconfig */,
			);
			name = Pods;
			sourceTree = "<group>";
		};
/* End PBXGroup section */

/* Begin PBXNativeTarget section */
		834316852142AD6600784257 /* Seelog */ = {
			isa = PBXNativeTarget;
			buildConfigurationList = 834316B12142AD6A00784257 /* Build configuration list for PBXNativeTarget "Seelog" */;
			buildPhases = (
				239FB34AB74BBD4074750194 /* [CP] Check Pods Manifest.lock */,
				834316822142AD6600784257 /* Sources */,
				834316832142AD6600784257 /* Frameworks */,
				834316842142AD6600784257 /* Resources */,
				83221A8D214564F40055D775 /* ShellScript */,
				0D4534FA44ECA16171219AE8 /* [CP] Embed Pods Frameworks */,
			);
			buildRules = (
			);
			dependencies = (
			);
			name = Seelog;
			productName = seelog;
			productReference = 834316862142AD6600784257 /* Seelog.app */;
			productType = "com.apple.product-type.application";
		};
		8343169C2142AD6A00784257 /* seelogTests */ = {
			isa = PBXNativeTarget;
			buildConfigurationList = 834316B42142AD6A00784257 /* Build configuration list for PBXNativeTarget "seelogTests" */;
			buildPhases = (
				34A03815A236C539042158EC /* [CP] Check Pods Manifest.lock */,
				834316992142AD6A00784257 /* Sources */,
				8343169A2142AD6A00784257 /* Frameworks */,
				8343169B2142AD6A00784257 /* Resources */,
			);
			buildRules = (
			);
			dependencies = (
				8343169F2142AD6A00784257 /* PBXTargetDependency */,
			);
			name = seelogTests;
			productName = seelogTests;
			productReference = 8343169D2142AD6A00784257 /* seelogTests.xctest */;
			productType = "com.apple.product-type.bundle.unit-test";
		};
		834316A72142AD6A00784257 /* seelogUITests */ = {
			isa = PBXNativeTarget;
			buildConfigurationList = 834316B72142AD6A00784257 /* Build configuration list for PBXNativeTarget "seelogUITests" */;
			buildPhases = (
				9DD6EB8688BB3EB522385C9E /* [CP] Check Pods Manifest.lock */,
				834316A42142AD6A00784257 /* Sources */,
				834316A52142AD6A00784257 /* Frameworks */,
				834316A62142AD6A00784257 /* Resources */,
			);
			buildRules = (
			);
			dependencies = (
				834316AA2142AD6A00784257 /* PBXTargetDependency */,
			);
			name = seelogUITests;
			productName = seelogUITests;
			productReference = 834316A82142AD6A00784257 /* seelogUITests.xctest */;
			productType = "com.apple.product-type.bundle.ui-testing";
		};
/* End PBXNativeTarget section */

/* Begin PBXProject section */
		8343167E2142AD6600784257 /* Project object */ = {
			isa = PBXProject;
			attributes = {
				LastSwiftUpdateCheck = 0940;
				LastUpgradeCheck = 0940;
				ORGANIZATIONNAME = "Matus Tomlein";
				TargetAttributes = {
					834316852142AD6600784257 = {
						CreatedOnToolsVersion = 9.4.1;
						SystemCapabilities = {
							com.apple.InAppPurchase = {
								enabled = 1;
							};
						};
					};
					8343169C2142AD6A00784257 = {
						CreatedOnToolsVersion = 9.4.1;
						TestTargetID = 834316852142AD6600784257;
					};
					834316A72142AD6A00784257 = {
						CreatedOnToolsVersion = 9.4.1;
						TestTargetID = 834316852142AD6600784257;
					};
				};
			};
			buildConfigurationList = 834316812142AD6600784257 /* Build configuration list for PBXProject "Seelog" */;
			compatibilityVersion = "Xcode 9.3";
			developmentRegion = en;
			hasScannedForEncodings = 0;
			knownRegions = (
				en,
				Base,
			);
			mainGroup = 8343167D2142AD6600784257;
			productRefGroup = 834316872142AD6600784257 /* Products */;
			projectDirPath = "";
			projectRoot = "";
			targets = (
				834316852142AD6600784257 /* Seelog */,
				8343169C2142AD6A00784257 /* seelogTests */,
				834316A72142AD6A00784257 /* seelogUITests */,
			);
		};
/* End PBXProject section */

/* Begin PBXResourcesBuildPhase section */
		834316842142AD6600784257 /* Resources */ = {
			isa = PBXResourcesBuildPhase;
			buildActionMask = 2147483647;
			files = (
				833D321F2189E63A00A5F971 /* img.png in Resources */,
				839E9DCE21BBCBEB001FC0F1 /* deselected_lock.png in Resources */,
				834316972142AD6900784257 /* LaunchScreen.storyboard in Resources */,
				839E9DBE21BAEFF7001FC0F1 /* app_icon_no_check.png in Resources */,
				834316942142AD6900784257 /* Assets.xcassets in Resources */,
				8343168F2142AD6700784257 /* Main.storyboard in Resources */,
				83221A8521451FB30055D775 /* generated.sqlite in Resources */,
				8312AA9F21B3F07A0012614A /* blank.png in Resources */,
				830EF120218B047A00AEE7A0 /* lands.wkt in Resources */,
				839E9DCF21BBCBEB001FC0F1 /* selected_lock.png in Resources */,
			);
			runOnlyForDeploymentPostprocessing = 0;
		};
		8343169B2142AD6A00784257 /* Resources */ = {
			isa = PBXResourcesBuildPhase;
			buildActionMask = 2147483647;
			files = (
			);
			runOnlyForDeploymentPostprocessing = 0;
		};
		834316A62142AD6A00784257 /* Resources */ = {
			isa = PBXResourcesBuildPhase;
			buildActionMask = 2147483647;
			files = (
			);
			runOnlyForDeploymentPostprocessing = 0;
		};
/* End PBXResourcesBuildPhase section */

/* Begin PBXShellScriptBuildPhase section */
		0D4534FA44ECA16171219AE8 /* [CP] Embed Pods Frameworks */ = {
			isa = PBXShellScriptBuildPhase;
			buildActionMask = 2147483647;
			files = (
			);
			inputFileListPaths = (
			);
			inputPaths = (
				"${SRCROOT}/Pods/Target Support Files/Pods-Seelog/Pods-Seelog-frameworks.sh",
				"${BUILT_PRODUCTS_DIR}/GEOSwift/GEOSwift.framework",
				"${BUILT_PRODUCTS_DIR}/GEOSwiftMapKit/GEOSwiftMapKit.framework",
				"${BUILT_PRODUCTS_DIR}/SQLite.swift/SQLite.framework",
				"${BUILT_PRODUCTS_DIR}/geos/geos.framework",
			);
			name = "[CP] Embed Pods Frameworks";
			outputFileListPaths = (
			);
			outputPaths = (
				"${TARGET_BUILD_DIR}/${FRAMEWORKS_FOLDER_PATH}/GEOSwift.framework",
				"${TARGET_BUILD_DIR}/${FRAMEWORKS_FOLDER_PATH}/GEOSwiftMapKit.framework",
				"${TARGET_BUILD_DIR}/${FRAMEWORKS_FOLDER_PATH}/SQLite.framework",
				"${TARGET_BUILD_DIR}/${FRAMEWORKS_FOLDER_PATH}/geos.framework",
			);
			runOnlyForDeploymentPostprocessing = 0;
			shellPath = /bin/sh;
			shellScript = "\"${SRCROOT}/Pods/Target Support Files/Pods-Seelog/Pods-Seelog-frameworks.sh\"\n";
			showEnvVarsInLog = 0;
		};
		239FB34AB74BBD4074750194 /* [CP] Check Pods Manifest.lock */ = {
			isa = PBXShellScriptBuildPhase;
			buildActionMask = 2147483647;
			files = (
			);
			inputFileListPaths = (
			);
			inputPaths = (
				"${PODS_PODFILE_DIR_PATH}/Podfile.lock",
				"${PODS_ROOT}/Manifest.lock",
			);
			name = "[CP] Check Pods Manifest.lock";
			outputFileListPaths = (
			);
			outputPaths = (
				"$(DERIVED_FILE_DIR)/Pods-Seelog-checkManifestLockResult.txt",
			);
			runOnlyForDeploymentPostprocessing = 0;
			shellPath = /bin/sh;
			shellScript = "diff \"${PODS_PODFILE_DIR_PATH}/Podfile.lock\" \"${PODS_ROOT}/Manifest.lock\" > /dev/null\nif [ $? != 0 ] ; then\n    # print error to STDERR\n    echo \"error: The sandbox is not in sync with the Podfile.lock. Run 'pod install' or update your CocoaPods installation.\" >&2\n    exit 1\nfi\n# This output is used by Xcode 'outputs' to avoid re-running this script phase.\necho \"SUCCESS\" > \"${SCRIPT_OUTPUT_FILE_0}\"\n";
			showEnvVarsInLog = 0;
		};
		34A03815A236C539042158EC /* [CP] Check Pods Manifest.lock */ = {
			isa = PBXShellScriptBuildPhase;
			buildActionMask = 2147483647;
			files = (
			);
			inputFileListPaths = (
			);
			inputPaths = (
				"${PODS_PODFILE_DIR_PATH}/Podfile.lock",
				"${PODS_ROOT}/Manifest.lock",
			);
			name = "[CP] Check Pods Manifest.lock";
			outputFileListPaths = (
			);
			outputPaths = (
				"$(DERIVED_FILE_DIR)/Pods-seelogTests-checkManifestLockResult.txt",
			);
			runOnlyForDeploymentPostprocessing = 0;
			shellPath = /bin/sh;
			shellScript = "diff \"${PODS_PODFILE_DIR_PATH}/Podfile.lock\" \"${PODS_ROOT}/Manifest.lock\" > /dev/null\nif [ $? != 0 ] ; then\n    # print error to STDERR\n    echo \"error: The sandbox is not in sync with the Podfile.lock. Run 'pod install' or update your CocoaPods installation.\" >&2\n    exit 1\nfi\n# This output is used by Xcode 'outputs' to avoid re-running this script phase.\necho \"SUCCESS\" > \"${SCRIPT_OUTPUT_FILE_0}\"\n";
			showEnvVarsInLog = 0;
		};
		83221A8D214564F40055D775 /* ShellScript */ = {
			isa = PBXShellScriptBuildPhase;
			buildActionMask = 2147483647;
			files = (
			);
			inputPaths = (
				"$(SRCROOT)/Carthage/Build/iOS/SQLite.framework",
			);
			outputPaths = (
				"$(DERIVED_FILE_DIR)/$(FRAMEWORKS_FOLDER_PATH)/SQLite.framework",
			);
			runOnlyForDeploymentPostprocessing = 0;
			shellPath = /bin/sh;
			shellScript = "/usr/local/bin/carthage copy-frameworks";
		};
		9DD6EB8688BB3EB522385C9E /* [CP] Check Pods Manifest.lock */ = {
			isa = PBXShellScriptBuildPhase;
			buildActionMask = 2147483647;
			files = (
			);
			inputFileListPaths = (
			);
			inputPaths = (
				"${PODS_PODFILE_DIR_PATH}/Podfile.lock",
				"${PODS_ROOT}/Manifest.lock",
			);
			name = "[CP] Check Pods Manifest.lock";
			outputFileListPaths = (
			);
			outputPaths = (
				"$(DERIVED_FILE_DIR)/Pods-seelogUITests-checkManifestLockResult.txt",
			);
			runOnlyForDeploymentPostprocessing = 0;
			shellPath = /bin/sh;
			shellScript = "diff \"${PODS_PODFILE_DIR_PATH}/Podfile.lock\" \"${PODS_ROOT}/Manifest.lock\" > /dev/null\nif [ $? != 0 ] ; then\n    # print error to STDERR\n    echo \"error: The sandbox is not in sync with the Podfile.lock. Run 'pod install' or update your CocoaPods installation.\" >&2\n    exit 1\nfi\n# This output is used by Xcode 'outputs' to avoid re-running this script phase.\necho \"SUCCESS\" > \"${SCRIPT_OUTPUT_FILE_0}\"\n";
			showEnvVarsInLog = 0;
		};
/* End PBXShellScriptBuildPhase section */

/* Begin PBXSourcesBuildPhase section */
		834316822142AD6600784257 /* Sources */ = {
			isa = PBXSourcesBuildPhase;
			buildActionMask = 2147483647;
			files = (
				832B9A1C215FD1E30098A396 /* CountryCodeMappings.swift in Sources */,
				8305ED4A2182671A00630BD6 /* BarChartDrawer.swift in Sources */,
				830EF13A218F54A300AEE7A0 /* MapManager.swift in Sources */,
				83940628236607840028E4FD /* Date.swift in Sources */,
				83ACC92D21A8034400439667 /* MapOverlay.swift in Sources */,
				8349435F21CE31D90089A585 /* VisitPeriodManager.swift in Sources */,
				83C703AE215793C4007853E9 /* ReportBarChartSelection.swift in Sources */,
				839E9DC221BB0758001FC0F1 /* CompleteHistoryPurchase.swift in Sources */,
				832B9A20215FD4CD0098A396 /* Year.swift in Sources */,
				8317EA4721A5CC47006CC144 /* ConcurrentArray.swift in Sources */,
				834316BB2142D5FD00784257 /* Photo.swift in Sources */,
				833567A1219A047E0081498B /* ContinentsMapManager.swift in Sources */,
				83ACC92921A754DA00439667 /* ZoomType.swift in Sources */,
				8317EA4921A5CD9A006CC144 /* synchronize.swift in Sources */,
				83A8ABD121733F2600203402 /* CountryInfo.swift in Sources */,
				833567A521A026160081498B /* YearHeatmapUpdater.swift in Sources */,
				8349435921C8289D0089A585 /* PhotoInfo.swift in Sources */,
				83ACC91F21A7542C00439667 /* MapCircle.swift in Sources */,
				83221A87214527EC0055D775 /* GeoDatabase.swift in Sources */,
				830EF124218CAF5000AEE7A0 /* PlaceTableViewCell.swift in Sources */,
				83571F7F21564ACA001CEEFC /* HistoryChartView.swift in Sources */,
				83ACC92121A7544500439667 /* ImageOverlay.swift in Sources */,
				8343168C2142AD6600784257 /* ViewController.swift in Sources */,
				833567A3219A04B80081498B /* ContinentInfo.swift in Sources */,
				83ACC92321A7545F00439667 /* ImageOverlayRenderer.swift in Sources */,
				830EF13C218F574500AEE7A0 /* CountriesMapManager.swift in Sources */,
				839E9DC021BAF5B6001FC0F1 /* IAPHelper.swift in Sources */,
				830EF128218E056100AEE7A0 /* YearCitiesUpdater.swift in Sources */,
				832B9A1E215FD4070098A396 /* AggregatedVisitStats.swift in Sources */,
				83D12C9021DE98FE007397DF /* DatabaseCreator.swift in Sources */,
				8349436121CE353A0089A585 /* VisitPeriodsTableViewManager.swift in Sources */,
				83221A8921452BE60055D775 /* Geohash.swift in Sources */,
				83D12C9A21E25AC8007397DF /* TableViewManager.swift in Sources */,
				6BEBD1CE237713FA00EF627D /* ContentSizedTableView.swift in Sources */,
				830EF11E218AD8F200AEE7A0 /* ReportTableViewCell.swift in Sources */,
				83FF2129215F86C5008E846F /* Helpers.swift in Sources */,
				83ACC92721A754BF00439667 /* Annotation.swift in Sources */,
				83FF212C215FA47E008E846F /* YearStatsUpdater.swift in Sources */,
				83ACC93521AC432500439667 /* ImagesPageViewController.swift in Sources */,
				83D12C9821E25790007397DF /* PlaceStatsManager.swift in Sources */,
				8343168A2142AD6600784257 /* AppDelegate.swift in Sources */,
				834316922142AD6700784257 /* seelog.xcdatamodeld in Sources */,
				83D12C9421E13AD4007397DF /* PlaceStats.swift in Sources */,
				83ACC93321AC42BD00439667 /* ImageViewController.swift in Sources */,
				8335679F2199D95C0081498B /* TimezoneMapManager.swift in Sources */,
				8312AAA321B5B43E0012614A /* RequestPermissionViewController.swift in Sources */,
				83ACC92F21A80F5A00439667 /* WorldPolygons.swift in Sources */,
				8362041D21B5BAE400A1AB80 /* PermissionDeniedViewController.swift in Sources */,
				83ACC91621A70A7F00439667 /* GeometryOverlayCreator.swift in Sources */,
				8358DC5A21B3080000F38710 /* OverlayManager.swift in Sources */,
				833567A721A169B20081498B /* YearContinentsUpdater.swift in Sources */,
				836F302721937F7600D4FCB3 /* PhotoMapViewer.swift in Sources */,
				83C7DD8F21567C120046D8A5 /* ReportViewController.swift in Sources */,
				830EF13E218F6C4E00AEE7A0 /* CitiesMapManager.swift in Sources */,
				83ACC91B21A753FB00439667 /* MapPolyline.swift in Sources */,
				8317EA4521A5CC1D006CC144 /* BlockingQueue.swift in Sources */,
				83ACC91921A753DB00439667 /* MapOverlayProperties.swift in Sources */,
				83221A8F2145780C0055D775 /* DatabaseInitializer.swift in Sources */,
				83ACC91D21A7541700439667 /* MapPolygon.swift in Sources */,
				830EF138218F549500AEE7A0 /* HeatmapMapManager.swift in Sources */,
				830EF12E218E22A900AEE7A0 /* TimezoneInfo.swift in Sources */,
				8394062A236615240028E4FD /* StatsProvider.swift in Sources */,
				83ACC93721ADD57600439667 /* ImagePreviewDataSource.swift in Sources */,
				83ACC92521A7548700439667 /* PolygonRenderer.swift in Sources */,
				8349435B21C82C110089A585 /* VisitPeriodUpdater.swift in Sources */,
				8349435D21C82F910089A585 /* VisitPeriod.swift in Sources */,
				8305ED4E218451E600630BD6 /* ChartDrawer.swift in Sources */,
				830EF126218E040A00AEE7A0 /* YearCountriesUpdater.swift in Sources */,
				83A8ABD32173459800203402 /* StateInfo.swift in Sources */,
				83A8ABCF2173290400203402 /* CityInfo.swift in Sources */,
				83D12C9621E256AF007397DF /* PlaceStatsTableViewManager.swift in Sources */,
				835B8057217B44B6001E9B96 /* MainMapViewDelegate.swift in Sources */,
				830EF12A218E067A00AEE7A0 /* YearSeenAreaUpdater.swift in Sources */,
				8358DC5821B1E1D300F38710 /* StatesMapManager.swift in Sources */,
				830EF12C218E07DB00AEE7A0 /* YearTimezonesUpdater.swift in Sources */,
			);
			runOnlyForDeploymentPostprocessing = 0;
		};
		834316992142AD6A00784257 /* Sources */ = {
			isa = PBXSourcesBuildPhase;
			buildActionMask = 2147483647;
			files = (
				834316A22142AD6A00784257 /* seelogTests.swift in Sources */,
			);
			runOnlyForDeploymentPostprocessing = 0;
		};
		834316A42142AD6A00784257 /* Sources */ = {
			isa = PBXSourcesBuildPhase;
			buildActionMask = 2147483647;
			files = (
				834316AD2142AD6A00784257 /* seelogUITests.swift in Sources */,
			);
			runOnlyForDeploymentPostprocessing = 0;
		};
/* End PBXSourcesBuildPhase section */

/* Begin PBXTargetDependency section */
		8343169F2142AD6A00784257 /* PBXTargetDependency */ = {
			isa = PBXTargetDependency;
			target = 834316852142AD6600784257 /* Seelog */;
			targetProxy = 8343169E2142AD6A00784257 /* PBXContainerItemProxy */;
		};
		834316AA2142AD6A00784257 /* PBXTargetDependency */ = {
			isa = PBXTargetDependency;
			target = 834316852142AD6600784257 /* Seelog */;
			targetProxy = 834316A92142AD6A00784257 /* PBXContainerItemProxy */;
		};
/* End PBXTargetDependency section */

/* Begin PBXVariantGroup section */
		8343168D2142AD6700784257 /* Main.storyboard */ = {
			isa = PBXVariantGroup;
			children = (
				8343168E2142AD6700784257 /* Base */,
			);
			name = Main.storyboard;
			sourceTree = "<group>";
		};
		834316952142AD6900784257 /* LaunchScreen.storyboard */ = {
			isa = PBXVariantGroup;
			children = (
				834316962142AD6900784257 /* Base */,
			);
			name = LaunchScreen.storyboard;
			sourceTree = "<group>";
		};
/* End PBXVariantGroup section */

/* Begin XCBuildConfiguration section */
		834316AF2142AD6A00784257 /* Debug */ = {
			isa = XCBuildConfiguration;
			buildSettings = {
				ALWAYS_SEARCH_USER_PATHS = NO;
				CLANG_ANALYZER_NONNULL = YES;
				CLANG_ANALYZER_NUMBER_OBJECT_CONVERSION = YES_AGGRESSIVE;
				CLANG_CXX_LANGUAGE_STANDARD = "gnu++14";
				CLANG_CXX_LIBRARY = "libc++";
				CLANG_ENABLE_MODULES = YES;
				CLANG_ENABLE_OBJC_ARC = YES;
				CLANG_ENABLE_OBJC_WEAK = YES;
				CLANG_WARN_BLOCK_CAPTURE_AUTORELEASING = YES;
				CLANG_WARN_BOOL_CONVERSION = YES;
				CLANG_WARN_COMMA = YES;
				CLANG_WARN_CONSTANT_CONVERSION = YES;
				CLANG_WARN_DEPRECATED_OBJC_IMPLEMENTATIONS = YES;
				CLANG_WARN_DIRECT_OBJC_ISA_USAGE = YES_ERROR;
				CLANG_WARN_DOCUMENTATION_COMMENTS = YES;
				CLANG_WARN_EMPTY_BODY = YES;
				CLANG_WARN_ENUM_CONVERSION = YES;
				CLANG_WARN_INFINITE_RECURSION = YES;
				CLANG_WARN_INT_CONVERSION = YES;
				CLANG_WARN_NON_LITERAL_NULL_CONVERSION = YES;
				CLANG_WARN_OBJC_IMPLICIT_RETAIN_SELF = YES;
				CLANG_WARN_OBJC_LITERAL_CONVERSION = YES;
				CLANG_WARN_OBJC_ROOT_CLASS = YES_ERROR;
				CLANG_WARN_RANGE_LOOP_ANALYSIS = YES;
				CLANG_WARN_STRICT_PROTOTYPES = YES;
				CLANG_WARN_SUSPICIOUS_MOVE = YES;
				CLANG_WARN_UNGUARDED_AVAILABILITY = YES_AGGRESSIVE;
				CLANG_WARN_UNREACHABLE_CODE = YES;
				CLANG_WARN__DUPLICATE_METHOD_MATCH = YES;
				CODE_SIGN_IDENTITY = "iPhone Developer";
				COPY_PHASE_STRIP = NO;
				DEBUG_INFORMATION_FORMAT = dwarf;
				ENABLE_STRICT_OBJC_MSGSEND = YES;
				ENABLE_TESTABILITY = YES;
				GCC_C_LANGUAGE_STANDARD = gnu11;
				GCC_DYNAMIC_NO_PIC = NO;
				GCC_NO_COMMON_BLOCKS = YES;
				GCC_OPTIMIZATION_LEVEL = 0;
				GCC_PREPROCESSOR_DEFINITIONS = (
					"DEBUG=1",
					"$(inherited)",
				);
				GCC_WARN_64_TO_32_BIT_CONVERSION = YES;
				GCC_WARN_ABOUT_RETURN_TYPE = YES_ERROR;
				GCC_WARN_UNDECLARED_SELECTOR = YES;
				GCC_WARN_UNINITIALIZED_AUTOS = YES_AGGRESSIVE;
				GCC_WARN_UNUSED_FUNCTION = YES;
				GCC_WARN_UNUSED_VARIABLE = YES;
				IPHONEOS_DEPLOYMENT_TARGET = 11.4;
				MTL_ENABLE_DEBUG_INFO = YES;
				ONLY_ACTIVE_ARCH = YES;
				SDKROOT = iphoneos;
				SWIFT_ACTIVE_COMPILATION_CONDITIONS = DEBUG;
				SWIFT_OPTIMIZATION_LEVEL = "-Onone";
			};
			name = Debug;
		};
		834316B02142AD6A00784257 /* Release */ = {
			isa = XCBuildConfiguration;
			buildSettings = {
				ALWAYS_SEARCH_USER_PATHS = NO;
				CLANG_ANALYZER_NONNULL = YES;
				CLANG_ANALYZER_NUMBER_OBJECT_CONVERSION = YES_AGGRESSIVE;
				CLANG_CXX_LANGUAGE_STANDARD = "gnu++14";
				CLANG_CXX_LIBRARY = "libc++";
				CLANG_ENABLE_MODULES = YES;
				CLANG_ENABLE_OBJC_ARC = YES;
				CLANG_ENABLE_OBJC_WEAK = YES;
				CLANG_WARN_BLOCK_CAPTURE_AUTORELEASING = YES;
				CLANG_WARN_BOOL_CONVERSION = YES;
				CLANG_WARN_COMMA = YES;
				CLANG_WARN_CONSTANT_CONVERSION = YES;
				CLANG_WARN_DEPRECATED_OBJC_IMPLEMENTATIONS = YES;
				CLANG_WARN_DIRECT_OBJC_ISA_USAGE = YES_ERROR;
				CLANG_WARN_DOCUMENTATION_COMMENTS = YES;
				CLANG_WARN_EMPTY_BODY = YES;
				CLANG_WARN_ENUM_CONVERSION = YES;
				CLANG_WARN_INFINITE_RECURSION = YES;
				CLANG_WARN_INT_CONVERSION = YES;
				CLANG_WARN_NON_LITERAL_NULL_CONVERSION = YES;
				CLANG_WARN_OBJC_IMPLICIT_RETAIN_SELF = YES;
				CLANG_WARN_OBJC_LITERAL_CONVERSION = YES;
				CLANG_WARN_OBJC_ROOT_CLASS = YES_ERROR;
				CLANG_WARN_RANGE_LOOP_ANALYSIS = YES;
				CLANG_WARN_STRICT_PROTOTYPES = YES;
				CLANG_WARN_SUSPICIOUS_MOVE = YES;
				CLANG_WARN_UNGUARDED_AVAILABILITY = YES_AGGRESSIVE;
				CLANG_WARN_UNREACHABLE_CODE = YES;
				CLANG_WARN__DUPLICATE_METHOD_MATCH = YES;
				CODE_SIGN_IDENTITY = "iPhone Developer";
				COPY_PHASE_STRIP = NO;
				DEBUG_INFORMATION_FORMAT = "dwarf-with-dsym";
				ENABLE_NS_ASSERTIONS = NO;
				ENABLE_STRICT_OBJC_MSGSEND = YES;
				GCC_C_LANGUAGE_STANDARD = gnu11;
				GCC_NO_COMMON_BLOCKS = YES;
				GCC_WARN_64_TO_32_BIT_CONVERSION = YES;
				GCC_WARN_ABOUT_RETURN_TYPE = YES_ERROR;
				GCC_WARN_UNDECLARED_SELECTOR = YES;
				GCC_WARN_UNINITIALIZED_AUTOS = YES_AGGRESSIVE;
				GCC_WARN_UNUSED_FUNCTION = YES;
				GCC_WARN_UNUSED_VARIABLE = YES;
				IPHONEOS_DEPLOYMENT_TARGET = 11.4;
				MTL_ENABLE_DEBUG_INFO = NO;
				SDKROOT = iphoneos;
				SWIFT_COMPILATION_MODE = wholemodule;
				SWIFT_OPTIMIZATION_LEVEL = "-O";
				VALIDATE_PRODUCT = YES;
			};
			name = Release;
		};
		834316B22142AD6A00784257 /* Debug */ = {
			isa = XCBuildConfiguration;
			baseConfigurationReference = DF9EFFF4EEAB5D089728DD2D /* Pods-Seelog.debug.xcconfig */;
			buildSettings = {
				ASSETCATALOG_COMPILER_APPICON_NAME = AppIcon;
				ASSETCATALOG_COMPILER_LAUNCHIMAGE_NAME = LaunchImage;
				CODE_SIGN_STYLE = Automatic;
				DEVELOPMENT_TEAM = V487J8L84E;
				FRAMEWORK_SEARCH_PATHS = (
					"$(inherited)",
					"$(PROJECT_DIR)/Carthage/Build/iOS",
				);
				INFOPLIST_FILE = seelog/Info.plist;
				LD_RUNPATH_SEARCH_PATHS = (
					"$(inherited)",
					"@executable_path/Frameworks",
				);
				PRODUCT_BUNDLE_IDENTIFIER = app.seelog;
				PRODUCT_NAME = "$(TARGET_NAME)";
				SWIFT_VERSION = 4.0;
				TARGETED_DEVICE_FAMILY = 1;
			};
			name = Debug;
		};
		834316B32142AD6A00784257 /* Release */ = {
			isa = XCBuildConfiguration;
			baseConfigurationReference = D354FC8977FDAFC6738C2713 /* Pods-Seelog.release.xcconfig */;
			buildSettings = {
				ASSETCATALOG_COMPILER_APPICON_NAME = AppIcon;
				ASSETCATALOG_COMPILER_LAUNCHIMAGE_NAME = LaunchImage;
				CODE_SIGN_STYLE = Automatic;
				DEVELOPMENT_TEAM = V487J8L84E;
				FRAMEWORK_SEARCH_PATHS = (
					"$(inherited)",
					"$(PROJECT_DIR)/Carthage/Build/iOS",
				);
				INFOPLIST_FILE = seelog/Info.plist;
				LD_RUNPATH_SEARCH_PATHS = (
					"$(inherited)",
					"@executable_path/Frameworks",
				);
				PRODUCT_BUNDLE_IDENTIFIER = app.seelog;
				PRODUCT_NAME = "$(TARGET_NAME)";
				SWIFT_VERSION = 4.0;
				TARGETED_DEVICE_FAMILY = 1;
			};
			name = Release;
		};
		834316B52142AD6A00784257 /* Debug */ = {
			isa = XCBuildConfiguration;
			baseConfigurationReference = 54AC64825E59FFC79F45C7FD /* Pods-seelogTests.debug.xcconfig */;
			buildSettings = {
				ALWAYS_EMBED_SWIFT_STANDARD_LIBRARIES = YES;
				BUNDLE_LOADER = "$(TEST_HOST)";
				CODE_SIGN_STYLE = Automatic;
				INFOPLIST_FILE = seelogTests/Info.plist;
				LD_RUNPATH_SEARCH_PATHS = (
					"$(inherited)",
					"@executable_path/Frameworks",
					"@loader_path/Frameworks",
				);
				PRODUCT_BUNDLE_IDENTIFIER = org.tomlein.seelogTests;
				PRODUCT_NAME = "$(TARGET_NAME)";
				SWIFT_VERSION = 4.0;
				TARGETED_DEVICE_FAMILY = "1,2";
				TEST_HOST = "$(BUILT_PRODUCTS_DIR)/Seelog.temp_caseinsensitive_rename.app/Seelog.temp_caseinsensitive_rename";
			};
			name = Debug;
		};
		834316B62142AD6A00784257 /* Release */ = {
			isa = XCBuildConfiguration;
			baseConfigurationReference = D2C6379ABAF2E79BDA6AF9DB /* Pods-seelogTests.release.xcconfig */;
			buildSettings = {
				ALWAYS_EMBED_SWIFT_STANDARD_LIBRARIES = YES;
				BUNDLE_LOADER = "$(TEST_HOST)";
				CODE_SIGN_STYLE = Automatic;
				INFOPLIST_FILE = seelogTests/Info.plist;
				LD_RUNPATH_SEARCH_PATHS = (
					"$(inherited)",
					"@executable_path/Frameworks",
					"@loader_path/Frameworks",
				);
				PRODUCT_BUNDLE_IDENTIFIER = org.tomlein.seelogTests;
				PRODUCT_NAME = "$(TARGET_NAME)";
				SWIFT_VERSION = 4.0;
				TARGETED_DEVICE_FAMILY = "1,2";
				TEST_HOST = "$(BUILT_PRODUCTS_DIR)/Seelog.temp_caseinsensitive_rename.app/Seelog.temp_caseinsensitive_rename";
			};
			name = Release;
		};
		834316B82142AD6A00784257 /* Debug */ = {
			isa = XCBuildConfiguration;
			baseConfigurationReference = 2415C18D330D19815B0937AF /* Pods-seelogUITests.debug.xcconfig */;
			buildSettings = {
				ALWAYS_EMBED_SWIFT_STANDARD_LIBRARIES = YES;
				CODE_SIGN_STYLE = Automatic;
				INFOPLIST_FILE = seelogUITests/Info.plist;
				LD_RUNPATH_SEARCH_PATHS = (
					"$(inherited)",
					"@executable_path/Frameworks",
					"@loader_path/Frameworks",
				);
				PRODUCT_BUNDLE_IDENTIFIER = org.tomlein.seelogUITests;
				PRODUCT_NAME = "$(TARGET_NAME)";
				SWIFT_VERSION = 4.0;
				TARGETED_DEVICE_FAMILY = "1,2";
				TEST_TARGET_NAME = seelog;
			};
			name = Debug;
		};
		834316B92142AD6A00784257 /* Release */ = {
			isa = XCBuildConfiguration;
			baseConfigurationReference = FBCA8175EA256CEDDF327643 /* Pods-seelogUITests.release.xcconfig */;
			buildSettings = {
				ALWAYS_EMBED_SWIFT_STANDARD_LIBRARIES = YES;
				CODE_SIGN_STYLE = Automatic;
				INFOPLIST_FILE = seelogUITests/Info.plist;
				LD_RUNPATH_SEARCH_PATHS = (
					"$(inherited)",
					"@executable_path/Frameworks",
					"@loader_path/Frameworks",
				);
				PRODUCT_BUNDLE_IDENTIFIER = org.tomlein.seelogUITests;
				PRODUCT_NAME = "$(TARGET_NAME)";
				SWIFT_VERSION = 4.0;
				TARGETED_DEVICE_FAMILY = "1,2";
				TEST_TARGET_NAME = seelog;
			};
			name = Release;
		};
/* End XCBuildConfiguration section */

/* Begin XCConfigurationList section */
		834316812142AD6600784257 /* Build configuration list for PBXProject "Seelog" */ = {
			isa = XCConfigurationList;
			buildConfigurations = (
				834316AF2142AD6A00784257 /* Debug */,
				834316B02142AD6A00784257 /* Release */,
			);
			defaultConfigurationIsVisible = 0;
			defaultConfigurationName = Release;
		};
		834316B12142AD6A00784257 /* Build configuration list for PBXNativeTarget "Seelog" */ = {
			isa = XCConfigurationList;
			buildConfigurations = (
				834316B22142AD6A00784257 /* Debug */,
				834316B32142AD6A00784257 /* Release */,
			);
			defaultConfigurationIsVisible = 0;
			defaultConfigurationName = Release;
		};
		834316B42142AD6A00784257 /* Build configuration list for PBXNativeTarget "seelogTests" */ = {
			isa = XCConfigurationList;
			buildConfigurations = (
				834316B52142AD6A00784257 /* Debug */,
				834316B62142AD6A00784257 /* Release */,
			);
			defaultConfigurationIsVisible = 0;
			defaultConfigurationName = Release;
		};
		834316B72142AD6A00784257 /* Build configuration list for PBXNativeTarget "seelogUITests" */ = {
			isa = XCConfigurationList;
			buildConfigurations = (
				834316B82142AD6A00784257 /* Debug */,
				834316B92142AD6A00784257 /* Release */,
			);
			defaultConfigurationIsVisible = 0;
			defaultConfigurationName = Release;
		};
/* End XCConfigurationList section */

/* Begin XCVersionGroup section */
		834316902142AD6700784257 /* seelog.xcdatamodeld */ = {
			isa = XCVersionGroup;
			children = (
				834316912142AD6700784257 /* seelog.xcdatamodel */,
			);
			currentVersion = 834316912142AD6700784257 /* seelog.xcdatamodel */;
			path = seelog.xcdatamodeld;
			sourceTree = "<group>";
			versionGroupType = wrapper.xcdatamodel;
		};
/* End XCVersionGroup section */
	};
	rootObject = 8343167E2142AD6600784257 /* Project object */;
}
